
Microsoft Visual Studio Solution File, Format Version 12.00
# Visual Studio 15
VisualStudioVersion = 15.0.28307.329
MinimumVisualStudioVersion = 10.0.40219.1
Project("{FAE04EC0-301F-11D3-BF4B-00C04F79EFBC}") = "ProyectoRecursos.Android", "ProyectoRecursos\ProyectoRecursos.Android\ProyectoRecursos.Android.csproj", "{51281ECA-8F00-47D2-95A8-85E9B41009A2}"
EndProject
Project("{FAE04EC0-301F-11D3-BF4B-00C04F79EFBC}") = "ProyectoRecursos.iOS", "ProyectoRecursos\ProyectoRecursos.iOS\ProyectoRecursos.iOS.csproj", "{E5F0A803-47DB-49CD-80EA-8901814466DC}"
EndProject
Project("{FAE04EC0-301F-11D3-BF4B-00C04F79EFBC}") = "ProyectoRecursos.UWP", "ProyectoRecursos\ProyectoRecursos.UWP\ProyectoRecursos.UWP.csproj", "{777D671A-8629-4727-89E2-D8D749B9F913}"
EndProject
Project("{FAE04EC0-301F-11D3-BF4B-00C04F79EFBC}") = "ProyectoRecursos", "ProyectoRecursos\ProyectoRecursos\ProyectoRecursos.csproj", "{DA6A9784-C453-4FBF-B442-B5116E6139FA}"
EndProject
Global
	GlobalSection(SolutionConfigurationPlatforms) = preSolution
		Ad-Hoc|Any CPU = Ad-Hoc|Any CPU
		Ad-Hoc|ARM = Ad-Hoc|ARM
		Ad-Hoc|iPhone = Ad-Hoc|iPhone
		Ad-Hoc|iPhoneSimulator = Ad-Hoc|iPhoneSimulator
		Ad-Hoc|x64 = Ad-Hoc|x64
		Ad-Hoc|x86 = Ad-Hoc|x86
		AppStore|Any CPU = AppStore|Any CPU
		AppStore|ARM = AppStore|ARM
		AppStore|iPhone = AppStore|iPhone
		AppStore|iPhoneSimulator = AppStore|iPhoneSimulator
		AppStore|x64 = AppStore|x64
		AppStore|x86 = AppStore|x86
		Debug|Any CPU = Debug|Any CPU
		Debug|ARM = Debug|ARM
		Debug|iPhone = Debug|iPhone
		Debug|iPhoneSimulator = Debug|iPhoneSimulator
		Debug|x64 = Debug|x64
		Debug|x86 = Debug|x86
		Release|Any CPU = Release|Any CPU
		Release|ARM = Release|ARM
		Release|iPhone = Release|iPhone
		Release|iPhoneSimulator = Release|iPhoneSimulator
		Release|x64 = Release|x64
		Release|x86 = Release|x86
	EndGlobalSection
	GlobalSection(ProjectConfigurationPlatforms) = postSolution
		{51281ECA-8F00-47D2-95A8-85E9B41009A2}.Ad-Hoc|Any CPU.ActiveCfg = Release|Any CPU
		{51281ECA-8F00-47D2-95A8-85E9B41009A2}.Ad-Hoc|Any CPU.Build.0 = Release|Any CPU
		{51281ECA-8F00-47D2-95A8-85E9B41009A2}.Ad-Hoc|Any CPU.Deploy.0 = Release|Any CPU
		{51281ECA-8F00-47D2-95A8-85E9B41009A2}.Ad-Hoc|ARM.ActiveCfg = Release|Any CPU
		{51281ECA-8F00-47D2-95A8-85E9B41009A2}.Ad-Hoc|ARM.Build.0 = Release|Any CPU
		{51281ECA-8F00-47D2-95A8-85E9B41009A2}.Ad-Hoc|ARM.Deploy.0 = Release|Any CPU
		{51281ECA-8F00-47D2-95A8-85E9B41009A2}.Ad-Hoc|iPhone.ActiveCfg = Release|Any CPU
		{51281ECA-8F00-47D2-95A8-85E9B41009A2}.Ad-Hoc|iPhone.Build.0 = Release|Any CPU
		{51281ECA-8F00-47D2-95A8-85E9B41009A2}.Ad-Hoc|iPhone.Deploy.0 = Release|Any CPU
		{51281ECA-8F00-47D2-95A8-85E9B41009A2}.Ad-Hoc|iPhoneSimulator.ActiveCfg = Release|Any CPU
		{51281ECA-8F00-47D2-95A8-85E9B41009A2}.Ad-Hoc|iPhoneSimulator.Build.0 = Release|Any CPU
		{51281ECA-8F00-47D2-95A8-85E9B41009A2}.Ad-Hoc|iPhoneSimulator.Deploy.0 = Release|Any CPU
		{51281ECA-8F00-47D2-95A8-85E9B41009A2}.Ad-Hoc|x64.ActiveCfg = Release|Any CPU
		{51281ECA-8F00-47D2-95A8-85E9B41009A2}.Ad-Hoc|x64.Build.0 = Release|Any CPU
		{51281ECA-8F00-47D2-95A8-85E9B41009A2}.Ad-Hoc|x64.Deploy.0 = Release|Any CPU
		{51281ECA-8F00-47D2-95A8-85E9B41009A2}.Ad-Hoc|x86.ActiveCfg = Release|Any CPU
		{51281ECA-8F00-47D2-95A8-85E9B41009A2}.Ad-Hoc|x86.Build.0 = Release|Any CPU
		{51281ECA-8F00-47D2-95A8-85E9B41009A2}.Ad-Hoc|x86.Deploy.0 = Release|Any CPU
		{51281ECA-8F00-47D2-95A8-85E9B41009A2}.AppStore|Any CPU.ActiveCfg = Release|Any CPU
		{51281ECA-8F00-47D2-95A8-85E9B41009A2}.AppStore|Any CPU.Build.0 = Release|Any CPU
		{51281ECA-8F00-47D2-95A8-85E9B41009A2}.AppStore|Any CPU.Deploy.0 = Release|Any CPU
		{51281ECA-8F00-47D2-95A8-85E9B41009A2}.AppStore|ARM.ActiveCfg = Release|Any CPU
		{51281ECA-8F00-47D2-95A8-85E9B41009A2}.AppStore|ARM.Build.0 = Release|Any CPU
		{51281ECA-8F00-47D2-95A8-85E9B41009A2}.AppStore|ARM.Deploy.0 = Release|Any CPU
		{51281ECA-8F00-47D2-95A8-85E9B41009A2}.AppStore|iPhone.ActiveCfg = Release|Any CPU
		{51281ECA-8F00-47D2-95A8-85E9B41009A2}.AppStore|iPhone.Build.0 = Release|Any CPU
		{51281ECA-8F00-47D2-95A8-85E9B41009A2}.AppStore|iPhone.Deploy.0 = Release|Any CPU
		{51281ECA-8F00-47D2-95A8-85E9B41009A2}.AppStore|iPhoneSimulator.ActiveCfg = Release|Any CPU
		{51281ECA-8F00-47D2-95A8-85E9B41009A2}.AppStore|iPhoneSimulator.Build.0 = Release|Any CPU
		{51281ECA-8F00-47D2-95A8-85E9B41009A2}.AppStore|iPhoneSimulator.Deploy.0 = Release|Any CPU
		{51281ECA-8F00-47D2-95A8-85E9B41009A2}.AppStore|x64.ActiveCfg = Release|Any CPU
		{51281ECA-8F00-47D2-95A8-85E9B41009A2}.AppStore|x64.Build.0 = Release|Any CPU
		{51281ECA-8F00-47D2-95A8-85E9B41009A2}.AppStore|x64.Deploy.0 = Release|Any CPU
		{51281ECA-8F00-47D2-95A8-85E9B41009A2}.AppStore|x86.ActiveCfg = Release|Any CPU
		{51281ECA-8F00-47D2-95A8-85E9B41009A2}.AppStore|x86.Build.0 = Release|Any CPU
		{51281ECA-8F00-47D2-95A8-85E9B41009A2}.AppStore|x86.Deploy.0 = Release|Any CPU
		{51281ECA-8F00-47D2-95A8-85E9B41009A2}.Debug|Any CPU.ActiveCfg = Debug|Any CPU
		{51281ECA-8F00-47D2-95A8-85E9B41009A2}.Debug|Any CPU.Build.0 = Debug|Any CPU
		{51281ECA-8F00-47D2-95A8-85E9B41009A2}.Debug|Any CPU.Deploy.0 = Debug|Any CPU
		{51281ECA-8F00-47D2-95A8-85E9B41009A2}.Debug|ARM.ActiveCfg = Debug|Any CPU
		{51281ECA-8F00-47D2-95A8-85E9B41009A2}.Debug|ARM.Build.0 = Debug|Any CPU
		{51281ECA-8F00-47D2-95A8-85E9B41009A2}.Debug|ARM.Deploy.0 = Debug|Any CPU
		{51281ECA-8F00-47D2-95A8-85E9B41009A2}.Debug|iPhone.ActiveCfg = Debug|Any CPU
		{51281ECA-8F00-47D2-95A8-85E9B41009A2}.Debug|iPhone.Build.0 = Debug|Any CPU
		{51281ECA-8F00-47D2-95A8-85E9B41009A2}.Debug|iPhone.Deploy.0 = Debug|Any CPU
		{51281ECA-8F00-47D2-95A8-85E9B41009A2}.Debug|iPhoneSimulator.ActiveCfg = Debug|Any CPU
		{51281ECA-8F00-47D2-95A8-85E9B41009A2}.Debug|iPhoneSimulator.Build.0 = Debug|Any CPU
		{51281ECA-8F00-47D2-95A8-85E9B41009A2}.Debug|iPhoneSimulator.Deploy.0 = Debug|Any CPU
		{51281ECA-8F00-47D2-95A8-85E9B41009A2}.Debug|x64.ActiveCfg = Debug|Any CPU
		{51281ECA-8F00-47D2-95A8-85E9B41009A2}.Debug|x64.Build.0 = Debug|Any CPU
		{51281ECA-8F00-47D2-95A8-85E9B41009A2}.Debug|x64.Deploy.0 = Debug|Any CPU
		{51281ECA-8F00-47D2-95A8-85E9B41009A2}.Debug|x86.ActiveCfg = Debug|Any CPU
		{51281ECA-8F00-47D2-95A8-85E9B41009A2}.Debug|x86.Build.0 = Debug|Any CPU
		{51281ECA-8F00-47D2-95A8-85E9B41009A2}.Debug|x86.Deploy.0 = Debug|Any CPU
		{51281ECA-8F00-47D2-95A8-85E9B41009A2}.Release|Any CPU.ActiveCfg = Release|Any CPU
		{51281ECA-8F00-47D2-95A8-85E9B41009A2}.Release|Any CPU.Build.0 = Release|Any CPU
		{51281ECA-8F00-47D2-95A8-85E9B41009A2}.Release|Any CPU.Deploy.0 = Release|Any CPU
		{51281ECA-8F00-47D2-95A8-85E9B41009A2}.Release|ARM.ActiveCfg = Release|Any CPU
		{51281ECA-8F00-47D2-95A8-85E9B41009A2}.Release|ARM.Build.0 = Release|Any CPU
		{51281ECA-8F00-47D2-95A8-85E9B41009A2}.Release|ARM.Deploy.0 = Release|Any CPU
		{51281ECA-8F00-47D2-95A8-85E9B41009A2}.Release|iPhone.ActiveCfg = Release|Any CPU
		{51281ECA-8F00-47D2-95A8-85E9B41009A2}.Release|iPhone.Build.0 = Release|Any CPU
		{51281ECA-8F00-47D2-95A8-85E9B41009A2}.Release|iPhone.Deploy.0 = Release|Any CPU
		{51281ECA-8F00-47D2-95A8-85E9B41009A2}.Release|iPhoneSimulator.ActiveCfg = Release|Any CPU
		{51281ECA-8F00-47D2-95A8-85E9B41009A2}.Release|iPhoneSimulator.Build.0 = Release|Any CPU
		{51281ECA-8F00-47D2-95A8-85E9B41009A2}.Release|iPhoneSimulator.Deploy.0 = Release|Any CPU
		{51281ECA-8F00-47D2-95A8-85E9B41009A2}.Release|x64.ActiveCfg = Release|Any CPU
		{51281ECA-8F00-47D2-95A8-85E9B41009A2}.Release|x64.Build.0 = Release|Any CPU
		{51281ECA-8F00-47D2-95A8-85E9B41009A2}.Release|x64.Deploy.0 = Release|Any CPU
		{51281ECA-8F00-47D2-95A8-85E9B41009A2}.Release|x86.ActiveCfg = Release|Any CPU
		{51281ECA-8F00-47D2-95A8-85E9B41009A2}.Release|x86.Build.0 = Release|Any CPU
		{51281ECA-8F00-47D2-95A8-85E9B41009A2}.Release|x86.Deploy.0 = Release|Any CPU
		{E5F0A803-47DB-49CD-80EA-8901814466DC}.Ad-Hoc|Any CPU.ActiveCfg = Ad-Hoc|iPhone
		{E5F0A803-47DB-49CD-80EA-8901814466DC}.Ad-Hoc|Any CPU.Build.0 = Ad-Hoc|iPhone
		{E5F0A803-47DB-49CD-80EA-8901814466DC}.Ad-Hoc|Any CPU.Deploy.0 = Ad-Hoc|iPhone
		{E5F0A803-47DB-49CD-80EA-8901814466DC}.Ad-Hoc|ARM.ActiveCfg = Ad-Hoc|iPhone
		{E5F0A803-47DB-49CD-80EA-8901814466DC}.Ad-Hoc|ARM.Build.0 = Ad-Hoc|iPhone
		{E5F0A803-47DB-49CD-80EA-8901814466DC}.Ad-Hoc|ARM.Deploy.0 = Ad-Hoc|iPhone
		{E5F0A803-47DB-49CD-80EA-8901814466DC}.Ad-Hoc|iPhone.ActiveCfg = Ad-Hoc|iPhone
		{E5F0A803-47DB-49CD-80EA-8901814466DC}.Ad-Hoc|iPhone.Build.0 = Ad-Hoc|iPhone
		{E5F0A803-47DB-49CD-80EA-8901814466DC}.Ad-Hoc|iPhone.Deploy.0 = Ad-Hoc|iPhone
		{E5F0A803-47DB-49CD-80EA-8901814466DC}.Ad-Hoc|iPhoneSimulator.ActiveCfg = Ad-Hoc|iPhoneSimulator
		{E5F0A803-47DB-49CD-80EA-8901814466DC}.Ad-Hoc|iPhoneSimulator.Build.0 = Ad-Hoc|iPhoneSimulator
		{E5F0A803-47DB-49CD-80EA-8901814466DC}.Ad-Hoc|iPhoneSimulator.Deploy.0 = Ad-Hoc|iPhoneSimulator
		{E5F0A803-47DB-49CD-80EA-8901814466DC}.Ad-Hoc|x64.ActiveCfg = Ad-Hoc|iPhone
		{E5F0A803-47DB-49CD-80EA-8901814466DC}.Ad-Hoc|x64.Build.0 = Ad-Hoc|iPhone
		{E5F0A803-47DB-49CD-80EA-8901814466DC}.Ad-Hoc|x64.Deploy.0 = Ad-Hoc|iPhone
		{E5F0A803-47DB-49CD-80EA-8901814466DC}.Ad-Hoc|x86.ActiveCfg = Ad-Hoc|iPhone
		{E5F0A803-47DB-49CD-80EA-8901814466DC}.Ad-Hoc|x86.Build.0 = Ad-Hoc|iPhone
		{E5F0A803-47DB-49CD-80EA-8901814466DC}.Ad-Hoc|x86.Deploy.0 = Ad-Hoc|iPhone
		{E5F0A803-47DB-49CD-80EA-8901814466DC}.AppStore|Any CPU.ActiveCfg = AppStore|iPhone
		{E5F0A803-47DB-49CD-80EA-8901814466DC}.AppStore|Any CPU.Build.0 = AppStore|iPhone
		{E5F0A803-47DB-49CD-80EA-8901814466DC}.AppStore|Any CPU.Deploy.0 = AppStore|iPhone
		{E5F0A803-47DB-49CD-80EA-8901814466DC}.AppStore|ARM.ActiveCfg = AppStore|iPhone
		{E5F0A803-47DB-49CD-80EA-8901814466DC}.AppStore|ARM.Build.0 = AppStore|iPhone
		{E5F0A803-47DB-49CD-80EA-8901814466DC}.AppStore|ARM.Deploy.0 = AppStore|iPhone
		{E5F0A803-47DB-49CD-80EA-8901814466DC}.AppStore|iPhone.ActiveCfg = AppStore|iPhone
		{E5F0A803-47DB-49CD-80EA-8901814466DC}.AppStore|iPhone.Build.0 = AppStore|iPhone
		{E5F0A803-47DB-49CD-80EA-8901814466DC}.AppStore|iPhone.Deploy.0 = AppStore|iPhone
		{E5F0A803-47DB-49CD-80EA-8901814466DC}.AppStore|iPhoneSimulator.ActiveCfg = AppStore|iPhoneSimulator
		{E5F0A803-47DB-49CD-80EA-8901814466DC}.AppStore|iPhoneSimulator.Build.0 = AppStore|iPhoneSimulator
		{E5F0A803-47DB-49CD-80EA-8901814466DC}.AppStore|iPhoneSimulator.Deploy.0 = AppStore|iPhoneSimulator
		{E5F0A803-47DB-49CD-80EA-8901814466DC}.AppStore|x64.ActiveCfg = AppStore|iPhone
		{E5F0A803-47DB-49CD-80EA-8901814466DC}.AppStore|x64.Build.0 = AppStore|iPhone
		{E5F0A803-47DB-49CD-80EA-8901814466DC}.AppStore|x64.Deploy.0 = AppStore|iPhone
		{E5F0A803-47DB-49CD-80EA-8901814466DC}.AppStore|x86.ActiveCfg = AppStore|iPhone
		{E5F0A803-47DB-49CD-80EA-8901814466DC}.AppStore|x86.Build.0 = AppStore|iPhone
		{E5F0A803-47DB-49CD-80EA-8901814466DC}.AppStore|x86.Deploy.0 = AppStore|iPhone
		{E5F0A803-47DB-49CD-80EA-8901814466DC}.Debug|Any CPU.ActiveCfg = Debug|iPhoneSimulator
		{E5F0A803-47DB-49CD-80EA-8901814466DC}.Debug|Any CPU.Build.0 = Debug|iPhoneSimulator
		{E5F0A803-47DB-49CD-80EA-8901814466DC}.Debug|Any CPU.Deploy.0 = Debug|iPhoneSimulator
		{E5F0A803-47DB-49CD-80EA-8901814466DC}.Debug|ARM.ActiveCfg = Debug|iPhone
		{E5F0A803-47DB-49CD-80EA-8901814466DC}.Debug|ARM.Build.0 = Debug|iPhone
		{E5F0A803-47DB-49CD-80EA-8901814466DC}.Debug|ARM.Deploy.0 = Debug|iPhone
		{E5F0A803-47DB-49CD-80EA-8901814466DC}.Debug|iPhone.ActiveCfg = Debug|iPhone
		{E5F0A803-47DB-49CD-80EA-8901814466DC}.Debug|iPhone.Build.0 = Debug|iPhone
		{E5F0A803-47DB-49CD-80EA-8901814466DC}.Debug|iPhone.Deploy.0 = Debug|iPhone
		{E5F0A803-47DB-49CD-80EA-8901814466DC}.Debug|iPhoneSimulator.ActiveCfg = Debug|iPhoneSimulator
		{E5F0A803-47DB-49CD-80EA-8901814466DC}.Debug|iPhoneSimulator.Build.0 = Debug|iPhoneSimulator
		{E5F0A803-47DB-49CD-80EA-8901814466DC}.Debug|iPhoneSimulator.Deploy.0 = Debug|iPhoneSimulator
		{E5F0A803-47DB-49CD-80EA-8901814466DC}.Debug|x64.ActiveCfg = Debug|iPhone
		{E5F0A803-47DB-49CD-80EA-8901814466DC}.Debug|x64.Build.0 = Debug|iPhone
		{E5F0A803-47DB-49CD-80EA-8901814466DC}.Debug|x64.Deploy.0 = Debug|iPhone
		{E5F0A803-47DB-49CD-80EA-8901814466DC}.Debug|x86.ActiveCfg = Debug|iPhone
		{E5F0A803-47DB-49CD-80EA-8901814466DC}.Debug|x86.Build.0 = Debug|iPhone
		{E5F0A803-47DB-49CD-80EA-8901814466DC}.Debug|x86.Deploy.0 = Debug|iPhone
		{E5F0A803-47DB-49CD-80EA-8901814466DC}.Release|Any CPU.ActiveCfg = Release|iPhone
		{E5F0A803-47DB-49CD-80EA-8901814466DC}.Release|Any CPU.Build.0 = Release|iPhone
		{E5F0A803-47DB-49CD-80EA-8901814466DC}.Release|Any CPU.Deploy.0 = Release|iPhone
		{E5F0A803-47DB-49CD-80EA-8901814466DC}.Release|ARM.ActiveCfg = Release|iPhone
		{E5F0A803-47DB-49CD-80EA-8901814466DC}.Release|ARM.Build.0 = Release|iPhone
		{E5F0A803-47DB-49CD-80EA-8901814466DC}.Release|ARM.Deploy.0 = Release|iPhone
		{E5F0A803-47DB-49CD-80EA-8901814466DC}.Release|iPhone.ActiveCfg = Release|iPhone
		{E5F0A803-47DB-49CD-80EA-8901814466DC}.Release|iPhone.Build.0 = Release|iPhone
		{E5F0A803-47DB-49CD-80EA-8901814466DC}.Release|iPhone.Deploy.0 = Release|iPhone
		{E5F0A803-47DB-49CD-80EA-8901814466DC}.Release|iPhoneSimulator.ActiveCfg = Release|iPhoneSimulator
		{E5F0A803-47DB-49CD-80EA-8901814466DC}.Release|iPhoneSimulator.Build.0 = Release|iPhoneSimulator
		{E5F0A803-47DB-49CD-80EA-8901814466DC}.Release|iPhoneSimulator.Deploy.0 = Release|iPhoneSimulator
		{E5F0A803-47DB-49CD-80EA-8901814466DC}.Release|x64.ActiveCfg = Release|iPhone
		{E5F0A803-47DB-49CD-80EA-8901814466DC}.Release|x64.Build.0 = Release|iPhone
		{E5F0A803-47DB-49CD-80EA-8901814466DC}.Release|x64.Deploy.0 = Release|iPhone
		{E5F0A803-47DB-49CD-80EA-8901814466DC}.Release|x86.ActiveCfg = Release|iPhone
		{E5F0A803-47DB-49CD-80EA-8901814466DC}.Release|x86.Build.0 = Release|iPhone
		{E5F0A803-47DB-49CD-80EA-8901814466DC}.Release|x86.Deploy.0 = Release|iPhone
		{777D671A-8629-4727-89E2-D8D749B9F913}.Ad-Hoc|Any CPU.ActiveCfg = Release|x86
		{777D671A-8629-4727-89E2-D8D749B9F913}.Ad-Hoc|Any CPU.Build.0 = Release|x86
		{777D671A-8629-4727-89E2-D8D749B9F913}.Ad-Hoc|Any CPU.Deploy.0 = Release|x86
		{777D671A-8629-4727-89E2-D8D749B9F913}.Ad-Hoc|ARM.ActiveCfg = Release|ARM
		{777D671A-8629-4727-89E2-D8D749B9F913}.Ad-Hoc|ARM.Build.0 = Release|ARM
		{777D671A-8629-4727-89E2-D8D749B9F913}.Ad-Hoc|ARM.Deploy.0 = Release|ARM
		{777D671A-8629-4727-89E2-D8D749B9F913}.Ad-Hoc|iPhone.ActiveCfg = Release|x86
		{777D671A-8629-4727-89E2-D8D749B9F913}.Ad-Hoc|iPhone.Build.0 = Release|x86
		{777D671A-8629-4727-89E2-D8D749B9F913}.Ad-Hoc|iPhone.Deploy.0 = Release|x86
		{777D671A-8629-4727-89E2-D8D749B9F913}.Ad-Hoc|iPhoneSimulator.ActiveCfg = Release|x86
		{777D671A-8629-4727-89E2-D8D749B9F913}.Ad-Hoc|iPhoneSimulator.Build.0 = Release|x86
		{777D671A-8629-4727-89E2-D8D749B9F913}.Ad-Hoc|iPhoneSimulator.Deploy.0 = Release|x86
		{777D671A-8629-4727-89E2-D8D749B9F913}.Ad-Hoc|x64.ActiveCfg = Release|x64
		{777D671A-8629-4727-89E2-D8D749B9F913}.Ad-Hoc|x64.Build.0 = Release|x64
		{777D671A-8629-4727-89E2-D8D749B9F913}.Ad-Hoc|x64.Deploy.0 = Release|x64
		{777D671A-8629-4727-89E2-D8D749B9F913}.Ad-Hoc|x86.ActiveCfg = Release|x86
		{777D671A-8629-4727-89E2-D8D749B9F913}.Ad-Hoc|x86.Build.0 = Release|x86
		{777D671A-8629-4727-89E2-D8D749B9F913}.Ad-Hoc|x86.Deploy.0 = Release|x86
		{777D671A-8629-4727-89E2-D8D749B9F913}.AppStore|Any CPU.ActiveCfg = Release|x86
		{777D671A-8629-4727-89E2-D8D749B9F913}.AppStore|Any CPU.Build.0 = Release|x86
		{777D671A-8629-4727-89E2-D8D749B9F913}.AppStore|Any CPU.Deploy.0 = Release|x86
		{777D671A-8629-4727-89E2-D8D749B9F913}.AppStore|ARM.ActiveCfg = Release|ARM
		{777D671A-8629-4727-89E2-D8D749B9F913}.AppStore|ARM.Build.0 = Release|ARM
		{777D671A-8629-4727-89E2-D8D749B9F913}.AppStore|ARM.Deploy.0 = Release|ARM
		{777D671A-8629-4727-89E2-D8D749B9F913}.AppStore|iPhone.ActiveCfg = Release|x86
		{777D671A-8629-4727-89E2-D8D749B9F913}.AppStore|iPhone.Build.0 = Release|x86
		{777D671A-8629-4727-89E2-D8D749B9F913}.AppStore|iPhone.Deploy.0 = Release|x86
		{777D671A-8629-4727-89E2-D8D749B9F913}.AppStore|iPhoneSimulator.ActiveCfg = Release|x86
		{777D671A-8629-4727-89E2-D8D749B9F913}.AppStore|iPhoneSimulator.Build.0 = Release|x86
		{777D671A-8629-4727-89E2-D8D749B9F913}.AppStore|iPhoneSimulator.Deploy.0 = Release|x86
		{777D671A-8629-4727-89E2-D8D749B9F913}.AppStore|x64.ActiveCfg = Release|x64
		{777D671A-8629-4727-89E2-D8D749B9F913}.AppStore|x64.Build.0 = Release|x64
		{777D671A-8629-4727-89E2-D8D749B9F913}.AppStore|x64.Deploy.0 = Release|x64
		{777D671A-8629-4727-89E2-D8D749B9F913}.AppStore|x86.ActiveCfg = Release|x86
		{777D671A-8629-4727-89E2-D8D749B9F913}.AppStore|x86.Build.0 = Release|x86
		{777D671A-8629-4727-89E2-D8D749B9F913}.AppStore|x86.Deploy.0 = Release|x86
		{777D671A-8629-4727-89E2-D8D749B9F913}.Debug|Any CPU.ActiveCfg = Debug|x86
		{777D671A-8629-4727-89E2-D8D749B9F913}.Debug|Any CPU.Build.0 = Debug|x86
		{777D671A-8629-4727-89E2-D8D749B9F913}.Debug|Any CPU.Deploy.0 = Debug|x86
		{777D671A-8629-4727-89E2-D8D749B9F913}.Debug|ARM.ActiveCfg = Debug|ARM
		{777D671A-8629-4727-89E2-D8D749B9F913}.Debug|ARM.Build.0 = Debug|ARM
		{777D671A-8629-4727-89E2-D8D749B9F913}.Debug|ARM.Deploy.0 = Debug|ARM
		{777D671A-8629-4727-89E2-D8D749B9F913}.Debug|iPhone.ActiveCfg = Debug|x86
		{777D671A-8629-4727-89E2-D8D749B9F913}.Debug|iPhone.Build.0 = Debug|x86
		{777D671A-8629-4727-89E2-D8D749B9F913}.Debug|iPhone.Deploy.0 = Debug|x86
		{777D671A-8629-4727-89E2-D8D749B9F913}.Debug|iPhoneSimulator.ActiveCfg = Debug|x86
		{777D671A-8629-4727-89E2-D8D749B9F913}.Debug|iPhoneSimulator.Build.0 = Debug|x86
		{777D671A-8629-4727-89E2-D8D749B9F913}.Debug|iPhoneSimulator.Deploy.0 = Debug|x86
		{777D671A-8629-4727-89E2-D8D749B9F913}.Debug|x64.ActiveCfg = Debug|x64
		{777D671A-8629-4727-89E2-D8D749B9F913}.Debug|x64.Build.0 = Debug|x64
		{777D671A-8629-4727-89E2-D8D749B9F913}.Debug|x64.Deploy.0 = Debug|x64
		{777D671A-8629-4727-89E2-D8D749B9F913}.Debug|x86.ActiveCfg = Debug|x86
		{777D671A-8629-4727-89E2-D8D749B9F913}.Debug|x86.Build.0 = Debug|x86
		{777D671A-8629-4727-89E2-D8D749B9F913}.Debug|x86.Deploy.0 = Debug|x86
		{777D671A-8629-4727-89E2-D8D749B9F913}.Release|Any CPU.ActiveCfg = Release|x86
		{777D671A-8629-4727-89E2-D8D749B9F913}.Release|Any CPU.Build.0 = Release|x86
		{777D671A-8629-4727-89E2-D8D749B9F913}.Release|Any CPU.Deploy.0 = Release|x86
		{777D671A-8629-4727-89E2-D8D749B9F913}.Release|ARM.ActiveCfg = Release|ARM
		{777D671A-8629-4727-89E2-D8D749B9F913}.Release|ARM.Build.0 = Release|ARM
		{777D671A-8629-4727-89E2-D8D749B9F913}.Release|ARM.Deploy.0 = Release|ARM
		{777D671A-8629-4727-89E2-D8D749B9F913}.Release|iPhone.ActiveCfg = Release|x86
		{777D671A-8629-4727-89E2-D8D749B9F913}.Release|iPhone.Build.0 = Release|x86
		{777D671A-8629-4727-89E2-D8D749B9F913}.Release|iPhone.Deploy.0 = Release|x86
		{777D671A-8629-4727-89E2-D8D749B9F913}.Release|iPhoneSimulator.ActiveCfg = Release|x86
		{777D671A-8629-4727-89E2-D8D749B9F913}.Release|iPhoneSimulator.Build.0 = Release|x86
		{777D671A-8629-4727-89E2-D8D749B9F913}.Release|iPhoneSimulator.Deploy.0 = Release|x86
		{777D671A-8629-4727-89E2-D8D749B9F913}.Release|x64.ActiveCfg = Release|x64
		{777D671A-8629-4727-89E2-D8D749B9F913}.Release|x64.Build.0 = Release|x64
		{777D671A-8629-4727-89E2-D8D749B9F913}.Release|x64.Deploy.0 = Release|x64
		{777D671A-8629-4727-89E2-D8D749B9F913}.Release|x86.ActiveCfg = Release|x86
		{777D671A-8629-4727-89E2-D8D749B9F913}.Release|x86.Build.0 = Release|x86
		{777D671A-8629-4727-89E2-D8D749B9F913}.Release|x86.Deploy.0 = Release|x86
		{DA6A9784-C453-4FBF-B442-B5116E6139FA}.Ad-Hoc|Any CPU.ActiveCfg = Debug|Any CPU
		{DA6A9784-C453-4FBF-B442-B5116E6139FA}.Ad-Hoc|Any CPU.Build.0 = Debug|Any CPU
		{DA6A9784-C453-4FBF-B442-B5116E6139FA}.Ad-Hoc|Any CPU.Deploy.0 = Debug|Any CPU
		{DA6A9784-C453-4FBF-B442-B5116E6139FA}.Ad-Hoc|ARM.ActiveCfg = Debug|Any CPU
		{DA6A9784-C453-4FBF-B442-B5116E6139FA}.Ad-Hoc|ARM.Build.0 = Debug|Any CPU
		{DA6A9784-C453-4FBF-B442-B5116E6139FA}.Ad-Hoc|ARM.Deploy.0 = Debug|Any CPU
		{DA6A9784-C453-4FBF-B442-B5116E6139FA}.Ad-Hoc|iPhone.ActiveCfg = Debug|Any CPU
		{DA6A9784-C453-4FBF-B442-B5116E6139FA}.Ad-Hoc|iPhone.Build.0 = Debug|Any CPU
		{DA6A9784-C453-4FBF-B442-B5116E6139FA}.Ad-Hoc|iPhone.Deploy.0 = Debug|Any CPU
		{DA6A9784-C453-4FBF-B442-B5116E6139FA}.Ad-Hoc|iPhoneSimulator.ActiveCfg = Debug|Any CPU
		{DA6A9784-C453-4FBF-B442-B5116E6139FA}.Ad-Hoc|iPhoneSimulator.Build.0 = Debug|Any CPU
		{DA6A9784-C453-4FBF-B442-B5116E6139FA}.Ad-Hoc|iPhoneSimulator.Deploy.0 = Debug|Any CPU
		{DA6A9784-C453-4FBF-B442-B5116E6139FA}.Ad-Hoc|x64.ActiveCfg = Debug|Any CPU
		{DA6A9784-C453-4FBF-B442-B5116E6139FA}.Ad-Hoc|x64.Build.0 = Debug|Any CPU
		{DA6A9784-C453-4FBF-B442-B5116E6139FA}.Ad-Hoc|x64.Deploy.0 = Debug|Any CPU
		{DA6A9784-C453-4FBF-B442-B5116E6139FA}.Ad-Hoc|x86.ActiveCfg = Debug|Any CPU
		{DA6A9784-C453-4FBF-B442-B5116E6139FA}.Ad-Hoc|x86.Build.0 = Debug|Any CPU
		{DA6A9784-C453-4FBF-B442-B5116E6139FA}.Ad-Hoc|x86.Deploy.0 = Debug|Any CPU
		{DA6A9784-C453-4FBF-B442-B5116E6139FA}.AppStore|Any CPU.ActiveCfg = Debug|Any CPU
		{DA6A9784-C453-4FBF-B442-B5116E6139FA}.AppStore|Any CPU.Build.0 = Debug|Any CPU
		{DA6A9784-C453-4FBF-B442-B5116E6139FA}.AppStore|Any CPU.Deploy.0 = Debug|Any CPU
		{DA6A9784-C453-4FBF-B442-B5116E6139FA}.AppStore|ARM.ActiveCfg = Debug|Any CPU
		{DA6A9784-C453-4FBF-B442-B5116E6139FA}.AppStore|ARM.Build.0 = Debug|Any CPU
		{DA6A9784-C453-4FBF-B442-B5116E6139FA}.AppStore|ARM.Deploy.0 = Debug|Any CPU
		{DA6A9784-C453-4FBF-B442-B5116E6139FA}.AppStore|iPhone.ActiveCfg = Debug|Any CPU
		{DA6A9784-C453-4FBF-B442-B5116E6139FA}.AppStore|iPhone.Build.0 = Debug|Any CPU
		{DA6A9784-C453-4FBF-B442-B5116E6139FA}.AppStore|iPhone.Deploy.0 = Debug|Any CPU
		{DA6A9784-C453-4FBF-B442-B5116E6139FA}.AppStore|iPhoneSimulator.ActiveCfg = Debug|Any CPU
		{DA6A9784-C453-4FBF-B442-B5116E6139FA}.AppStore|iPhoneSimulator.Build.0 = Debug|Any CPU
		{DA6A9784-C453-4FBF-B442-B5116E6139FA}.AppStore|iPhoneSimulator.Deploy.0 = Debug|Any CPU
		{DA6A9784-C453-4FBF-B442-B5116E6139FA}.AppStore|x64.ActiveCfg = Debug|Any CPU
		{DA6A9784-C453-4FBF-B442-B5116E6139FA}.AppStore|x64.Build.0 = Debug|Any CPU
		{DA6A9784-C453-4FBF-B442-B5116E6139FA}.AppStore|x64.Deploy.0 = Debug|Any CPU
		{DA6A9784-C453-4FBF-B442-B5116E6139FA}.AppStore|x86.ActiveCfg = Debug|Any CPU
		{DA6A9784-C453-4FBF-B442-B5116E6139FA}.AppStore|x86.Build.0 = Debug|Any CPU
		{DA6A9784-C453-4FBF-B442-B5116E6139FA}.AppStore|x86.Deploy.0 = Debug|Any CPU
		{DA6A9784-C453-4FBF-B442-B5116E6139FA}.Debug|Any CPU.ActiveCfg = Debug|Any CPU
		{DA6A9784-C453-4FBF-B442-B5116E6139FA}.Debug|Any CPU.Build.0 = Debug|Any CPU
		{DA6A9784-C453-4FBF-B442-B5116E6139FA}.Debug|Any CPU.Deploy.0 = Debug|Any CPU
		{DA6A9784-C453-4FBF-B442-B5116E6139FA}.Debug|ARM.ActiveCfg = Debug|Any CPU
		{DA6A9784-C453-4FBF-B442-B5116E6139FA}.Debug|ARM.Build.0 = Debug|Any CPU
		{DA6A9784-C453-4FBF-B442-B5116E6139FA}.Debug|ARM.Deploy.0 = Debug|Any CPU
		{DA6A9784-C453-4FBF-B442-B5116E6139FA}.Debug|iPhone.ActiveCfg = Debug|Any CPU
		{DA6A9784-C453-4FBF-B442-B5116E6139FA}.Debug|iPhone.Build.0 = Debug|Any CPU
		{DA6A9784-C453-4FBF-B442-B5116E6139FA}.Debug|iPhone.Deploy.0 = Debug|Any CPU
		{DA6A9784-C453-4FBF-B442-B5116E6139FA}.Debug|iPhoneSimulator.ActiveCfg = Debug|Any CPU
		{DA6A9784-C453-4FBF-B442-B5116E6139FA}.Debug|iPhoneSimulator.Build.0 = Debug|Any CPU
		{DA6A9784-C453-4FBF-B442-B5116E6139FA}.Debug|iPhoneSimulator.Deploy.0 = Debug|Any CPU
		{DA6A9784-C453-4FBF-B442-B5116E6139FA}.Debug|x64.ActiveCfg = Debug|Any CPU
		{DA6A9784-C453-4FBF-B442-B5116E6139FA}.Debug|x64.Build.0 = Debug|Any CPU
		{DA6A9784-C453-4FBF-B442-B5116E6139FA}.Debug|x64.Deploy.0 = Debug|Any CPU
		{DA6A9784-C453-4FBF-B442-B5116E6139FA}.Debug|x86.ActiveCfg = Debug|Any CPU
		{DA6A9784-C453-4FBF-B442-B5116E6139FA}.Debug|x86.Build.0 = Debug|Any CPU
		{DA6A9784-C453-4FBF-B442-B5116E6139FA}.Debug|x86.Deploy.0 = Debug|Any CPU
		{DA6A9784-C453-4FBF-B442-B5116E6139FA}.Release|Any CPU.ActiveCfg = Release|Any CPU
		{DA6A9784-C453-4FBF-B442-B5116E6139FA}.Release|Any CPU.Build.0 = Release|Any CPU
		{DA6A9784-C453-4FBF-B442-B5116E6139FA}.Release|Any CPU.Deploy.0 = Release|Any CPU
		{DA6A9784-C453-4FBF-B442-B5116E6139FA}.Release|ARM.ActiveCfg = Release|Any CPU
		{DA6A9784-C453-4FBF-B442-B5116E6139FA}.Release|ARM.Build.0 = Release|Any CPU
		{DA6A9784-C453-4FBF-B442-B5116E6139FA}.Release|ARM.Deploy.0 = Release|Any CPU
		{DA6A9784-C453-4FBF-B442-B5116E6139FA}.Release|iPhone.ActiveCfg = Release|Any CPU
		{DA6A9784-C453-4FBF-B442-B5116E6139FA}.Release|iPhone.Build.0 = Release|Any CPU
		{DA6A9784-C453-4FBF-B442-B5116E6139FA}.Release|iPhone.Deploy.0 = Release|Any CPU
		{DA6A9784-C453-4FBF-B442-B5116E6139FA}.Release|iPhoneSimulator.ActiveCfg = Release|Any CPU
		{DA6A9784-C453-4FBF-B442-B5116E6139FA}.Release|iPhoneSimulator.Build.0 = Release|Any CPU
		{DA6A9784-C453-4FBF-B442-B5116E6139FA}.Release|iPhoneSimulator.Deploy.0 = Release|Any CPU
		{DA6A9784-C453-4FBF-B442-B5116E6139FA}.Release|x64.ActiveCfg = Release|Any CPU
		{DA6A9784-C453-4FBF-B442-B5116E6139FA}.Release|x64.Build.0 = Release|Any CPU
		{DA6A9784-C453-4FBF-B442-B5116E6139FA}.Release|x64.Deploy.0 = Release|Any CPU
		{DA6A9784-C453-4FBF-B442-B5116E6139FA}.Release|x86.ActiveCfg = Release|Any CPU
		{DA6A9784-C453-4FBF-B442-B5116E6139FA}.Release|x86.Build.0 = Release|Any CPU
		{DA6A9784-C453-4FBF-B442-B5116E6139FA}.Release|x86.Deploy.0 = Release|Any CPU
	EndGlobalSection
	GlobalSection(SolutionProperties) = preSolution
		HideSolutionNode = FALSE
	EndGlobalSection
	GlobalSection(ExtensibilityGlobals) = postSolution
		SolutionGuid = {8EB785EF-CC25-4688-BA67-1DDC777E641F}
	EndGlobalSection
EndGlobal
