
Microsoft Visual Studio Solution File, Format Version 12.00
# Visual Studio 15
VisualStudioVersion = 15.0.28307.329
MinimumVisualStudioVersion = 10.0.40219.1
Project("{FAE04EC0-301F-11D3-BF4B-00C04F79EFBC}") = "FileAzureForm", "FileAzureForm\FileAzureForm.csproj", "{C929E507-17B0-4C3D-B695-97C4512A28E0}"
EndProject
Global
	GlobalSection(SolutionConfigurationPlatforms) = preSolution
		Debug|Any CPU = Debug|Any CPU
		Release|Any CPU = Release|Any CPU
	EndGlobalSection
	GlobalSection(ProjectConfigurationPlatforms) = postSolution
		{C929E507-17B0-4C3D-B695-97C4512A28E0}.Debug|Any CPU.ActiveCfg = Debug|Any CPU
		{C929E507-17B0-4C3D-B695-97C4512A28E0}.Debug|Any CPU.Build.0 = Debug|Any CPU
		{C929E507-17B0-4C3D-B695-97C4512A28E0}.Release|Any CPU.ActiveCfg = Release|Any CPU
		{C929E507-17B0-4C3D-B695-97C4512A28E0}.Release|Any CPU.Build.0 = Release|Any CPU
	EndGlobalSection
	GlobalSection(SolutionProperties) = preSolution
		HideSolutionNode = FALSE
	EndGlobalSection
	GlobalSection(ExtensibilityGlobals) = postSolution
		SolutionGuid = {C4AC6D27-C35D-4EDF-8729-16A2F32CB353}
	EndGlobalSection
EndGlobal
