
Microsoft Visual Studio Solution File, Format Version 12.00
# Visual Studio 15
VisualStudioVersion = 15.0.27703.2026
MinimumVisualStudioVersion = 10.0.40219.1
Project("{FAE04EC0-301F-11D3-BF4B-00C04F79EFBC}") = "UnitTest", "UnitTest\UnitTest.csproj", "{D9D14292-0D24-4F7E-9A30-67A9D1F9EC6F}"
EndProject
Project("{FAE04EC0-301F-11D3-BF4B-00C04F79EFBC}") = "UnitTest.Tests", "UnitTest.Tests\UnitTest.Tests.csproj", "{B1A92025-D7A3-44C5-A1E7-BCD6F664AC12}"
EndProject
Global
	GlobalSection(SolutionConfigurationPlatforms) = preSolution
		Debug|Any CPU = Debug|Any CPU
		Release|Any CPU = Release|Any CPU
	EndGlobalSection
	GlobalSection(ProjectConfigurationPlatforms) = postSolution
		{D9D14292-0D24-4F7E-9A30-67A9D1F9EC6F}.Debug|Any CPU.ActiveCfg = Debug|Any CPU
		{D9D14292-0D24-4F7E-9A30-67A9D1F9EC6F}.Debug|Any CPU.Build.0 = Debug|Any CPU
		{D9D14292-0D24-4F7E-9A30-67A9D1F9EC6F}.Release|Any CPU.ActiveCfg = Release|Any CPU
		{D9D14292-0D24-4F7E-9A30-67A9D1F9EC6F}.Release|Any CPU.Build.0 = Release|Any CPU
		{B1A92025-D7A3-44C5-A1E7-BCD6F664AC12}.Debug|Any CPU.ActiveCfg = Debug|Any CPU
		{B1A92025-D7A3-44C5-A1E7-BCD6F664AC12}.Debug|Any CPU.Build.0 = Debug|Any CPU
		{B1A92025-D7A3-44C5-A1E7-BCD6F664AC12}.Release|Any CPU.ActiveCfg = Release|Any CPU
		{B1A92025-D7A3-44C5-A1E7-BCD6F664AC12}.Release|Any CPU.Build.0 = Release|Any CPU
	EndGlobalSection
	GlobalSection(SolutionProperties) = preSolution
		HideSolutionNode = FALSE
	EndGlobalSection
	GlobalSection(ExtensibilityGlobals) = postSolution
		SolutionGuid = {CDD1163C-05F0-4047-AB37-60BFF79EE25D}
	EndGlobalSection
EndGlobal
