
Microsoft Visual Studio Solution File, Format Version 12.00
# Visual Studio 15
VisualStudioVersion = 15.0.28307.329
MinimumVisualStudioVersion = 10.0.40219.1
Project("{FAE04EC0-301F-11D3-BF4B-00C04F79EFBC}") = "CochesNuGet", "CochesNuGet\CochesNuGet.csproj", "{3D914EBA-0A82-48AD-8A59-97DE1D424927}"
EndProject
Global
	GlobalSection(SolutionConfigurationPlatforms) = preSolution
		Debug|Any CPU = Debug|Any CPU
		Release|Any CPU = Release|Any CPU
	EndGlobalSection
	GlobalSection(ProjectConfigurationPlatforms) = postSolution
		{3D914EBA-0A82-48AD-8A59-97DE1D424927}.Debug|Any CPU.ActiveCfg = Debug|Any CPU
		{3D914EBA-0A82-48AD-8A59-97DE1D424927}.Debug|Any CPU.Build.0 = Debug|Any CPU
		{3D914EBA-0A82-48AD-8A59-97DE1D424927}.Release|Any CPU.ActiveCfg = Release|Any CPU
		{3D914EBA-0A82-48AD-8A59-97DE1D424927}.Release|Any CPU.Build.0 = Release|Any CPU
	EndGlobalSection
	GlobalSection(SolutionProperties) = preSolution
		HideSolutionNode = FALSE
	EndGlobalSection
	GlobalSection(ExtensibilityGlobals) = postSolution
		SolutionGuid = {29F68592-B656-4C99-98B6-7688C278EF5A}
	EndGlobalSection
EndGlobal
