
Microsoft Visual Studio Solution File, Format Version 12.00
# Visual Studio 15
VisualStudioVersion = 15.0.28307.329
MinimumVisualStudioVersion = 10.0.40219.1
Project("{FAE04EC0-301F-11D3-BF4B-00C04F79EFBC}") = "AlmacenarMensajes", "AlmacenarMensajes\AlmacenarMensajes.csproj", "{E131EAD8-F7C9-4374-A159-0FE04E334607}"
EndProject
Global
	GlobalSection(SolutionConfigurationPlatforms) = preSolution
		Debug|Any CPU = Debug|Any CPU
		Release|Any CPU = Release|Any CPU
	EndGlobalSection
	GlobalSection(ProjectConfigurationPlatforms) = postSolution
		{E131EAD8-F7C9-4374-A159-0FE04E334607}.Debug|Any CPU.ActiveCfg = Debug|Any CPU
		{E131EAD8-F7C9-4374-A159-0FE04E334607}.Debug|Any CPU.Build.0 = Debug|Any CPU
		{E131EAD8-F7C9-4374-A159-0FE04E334607}.Release|Any CPU.ActiveCfg = Release|Any CPU
		{E131EAD8-F7C9-4374-A159-0FE04E334607}.Release|Any CPU.Build.0 = Release|Any CPU
	EndGlobalSection
	GlobalSection(SolutionProperties) = preSolution
		HideSolutionNode = FALSE
	EndGlobalSection
	GlobalSection(ExtensibilityGlobals) = postSolution
		SolutionGuid = {FE9D4F98-7DE8-41AA-9BF1-44FE1E378025}
	EndGlobalSection
EndGlobal
