
Microsoft Visual Studio Solution File, Format Version 12.00
# Visual Studio 15
VisualStudioVersion = 15.0.28307.329
MinimumVisualStudioVersion = 10.0.40219.1
Project("{FAE04EC0-301F-11D3-BF4B-00C04F79EFBC}") = "ClienteApiDepartamentos", "ClienteApiDepartamentos\ClienteApiDepartamentos.csproj", "{B10CA023-32A9-4525-9395-061E831170AB}"
EndProject
Global
	GlobalSection(SolutionConfigurationPlatforms) = preSolution
		Debug|Any CPU = Debug|Any CPU
		Release|Any CPU = Release|Any CPU
	EndGlobalSection
	GlobalSection(ProjectConfigurationPlatforms) = postSolution
		{B10CA023-32A9-4525-9395-061E831170AB}.Debug|Any CPU.ActiveCfg = Debug|Any CPU
		{B10CA023-32A9-4525-9395-061E831170AB}.Debug|Any CPU.Build.0 = Debug|Any CPU
		{B10CA023-32A9-4525-9395-061E831170AB}.Release|Any CPU.ActiveCfg = Release|Any CPU
		{B10CA023-32A9-4525-9395-061E831170AB}.Release|Any CPU.Build.0 = Release|Any CPU
	EndGlobalSection
	GlobalSection(SolutionProperties) = preSolution
		HideSolutionNode = FALSE
	EndGlobalSection
	GlobalSection(ExtensibilityGlobals) = postSolution
		SolutionGuid = {CF04B24F-FC44-4300-9B24-F290BB99C6BE}
	EndGlobalSection
EndGlobal
