
Microsoft Visual Studio Solution File, Format Version 12.00
# Visual Studio 15
VisualStudioVersion = 15.0.28307.329
MinimumVisualStudioVersion = 10.0.40219.1
Project("{FAE04EC0-301F-11D3-BF4B-00C04F79EFBC}") = "ProyectoAzure", "ProyectoAzure\ProyectoAzure.csproj", "{C7BE8738-4872-4026-9BBE-0FC7F7A3A4DC}"
EndProject
Global
	GlobalSection(SolutionConfigurationPlatforms) = preSolution
		Debug|Any CPU = Debug|Any CPU
		Release|Any CPU = Release|Any CPU
	EndGlobalSection
	GlobalSection(ProjectConfigurationPlatforms) = postSolution
		{C7BE8738-4872-4026-9BBE-0FC7F7A3A4DC}.Debug|Any CPU.ActiveCfg = Debug|Any CPU
		{C7BE8738-4872-4026-9BBE-0FC7F7A3A4DC}.Debug|Any CPU.Build.0 = Debug|Any CPU
		{C7BE8738-4872-4026-9BBE-0FC7F7A3A4DC}.Release|Any CPU.ActiveCfg = Release|Any CPU
		{C7BE8738-4872-4026-9BBE-0FC7F7A3A4DC}.Release|Any CPU.Build.0 = Release|Any CPU
	EndGlobalSection
	GlobalSection(SolutionProperties) = preSolution
		HideSolutionNode = FALSE
	EndGlobalSection
	GlobalSection(ExtensibilityGlobals) = postSolution
		SolutionGuid = {3B0BA0A9-614F-4545-8192-83C12ACD8684}
	EndGlobalSection
EndGlobal
