
Microsoft Visual Studio Solution File, Format Version 12.00
# Visual Studio 15
VisualStudioVersion = 15.0.28307.329
MinimumVisualStudioVersion = 10.0.40219.1
Project("{FAE04EC0-301F-11D3-BF4B-00C04F79EFBC}") = "SeguridadMicrosoft", "SeguridadMicrosoft\SeguridadMicrosoft.csproj", "{08EFE8CC-54EE-4C3B-A0AD-A6A9E8734650}"
EndProject
Global
	GlobalSection(SolutionConfigurationPlatforms) = preSolution
		Debug|Any CPU = Debug|Any CPU
		Release|Any CPU = Release|Any CPU
	EndGlobalSection
	GlobalSection(ProjectConfigurationPlatforms) = postSolution
		{08EFE8CC-54EE-4C3B-A0AD-A6A9E8734650}.Debug|Any CPU.ActiveCfg = Debug|Any CPU
		{08EFE8CC-54EE-4C3B-A0AD-A6A9E8734650}.Debug|Any CPU.Build.0 = Debug|Any CPU
		{08EFE8CC-54EE-4C3B-A0AD-A6A9E8734650}.Release|Any CPU.ActiveCfg = Release|Any CPU
		{08EFE8CC-54EE-4C3B-A0AD-A6A9E8734650}.Release|Any CPU.Build.0 = Release|Any CPU
	EndGlobalSection
	GlobalSection(SolutionProperties) = preSolution
		HideSolutionNode = FALSE
	EndGlobalSection
	GlobalSection(ExtensibilityGlobals) = postSolution
		SolutionGuid = {78FF5DE8-1999-4992-9924-9243AA2F131E}
	EndGlobalSection
EndGlobal
