
Microsoft Visual Studio Solution File, Format Version 12.00
# Visual Studio 15
VisualStudioVersion = 15.0.27703.2026
MinimumVisualStudioVersion = 10.0.40219.1
Project("{FAE04EC0-301F-11D3-BF4B-00C04F79EFBC}") = "InyeccionEntity", "InyeccionEntity\InyeccionEntity.csproj", "{D1DF994F-1D76-4D20-80EC-C9D5144F6BB8}"
EndProject
Global
	GlobalSection(SolutionConfigurationPlatforms) = preSolution
		Debug|Any CPU = Debug|Any CPU
		Release|Any CPU = Release|Any CPU
	EndGlobalSection
	GlobalSection(ProjectConfigurationPlatforms) = postSolution
		{D1DF994F-1D76-4D20-80EC-C9D5144F6BB8}.Debug|Any CPU.ActiveCfg = Debug|Any CPU
		{D1DF994F-1D76-4D20-80EC-C9D5144F6BB8}.Debug|Any CPU.Build.0 = Debug|Any CPU
		{D1DF994F-1D76-4D20-80EC-C9D5144F6BB8}.Release|Any CPU.ActiveCfg = Release|Any CPU
		{D1DF994F-1D76-4D20-80EC-C9D5144F6BB8}.Release|Any CPU.Build.0 = Release|Any CPU
	EndGlobalSection
	GlobalSection(SolutionProperties) = preSolution
		HideSolutionNode = FALSE
	EndGlobalSection
	GlobalSection(ExtensibilityGlobals) = postSolution
		SolutionGuid = {F787A981-7036-4E79-B1EA-F6EA07385D23}
	EndGlobalSection
EndGlobal
