
Microsoft Visual Studio Solution File, Format Version 12.00
# Visual Studio 15
VisualStudioVersion = 15.0.27703.2026
MinimumVisualStudioVersion = 10.0.40219.1
Project("{FAE04EC0-301F-11D3-BF4B-00C04F79EFBC}") = "Criptografia", "Criptografia\Criptografia.csproj", "{341ECD9F-6568-4ED3-AE7A-B4244DED6DCB}"
EndProject
Global
	GlobalSection(SolutionConfigurationPlatforms) = preSolution
		Debug|Any CPU = Debug|Any CPU
		Release|Any CPU = Release|Any CPU
	EndGlobalSection
	GlobalSection(ProjectConfigurationPlatforms) = postSolution
		{341ECD9F-6568-4ED3-AE7A-B4244DED6DCB}.Debug|Any CPU.ActiveCfg = Debug|Any CPU
		{341ECD9F-6568-4ED3-AE7A-B4244DED6DCB}.Debug|Any CPU.Build.0 = Debug|Any CPU
		{341ECD9F-6568-4ED3-AE7A-B4244DED6DCB}.Release|Any CPU.ActiveCfg = Release|Any CPU
		{341ECD9F-6568-4ED3-AE7A-B4244DED6DCB}.Release|Any CPU.Build.0 = Release|Any CPU
	EndGlobalSection
	GlobalSection(SolutionProperties) = preSolution
		HideSolutionNode = FALSE
	EndGlobalSection
	GlobalSection(ExtensibilityGlobals) = postSolution
		SolutionGuid = {70A42809-905E-4219-A441-9D7A2CC22F51}
	EndGlobalSection
EndGlobal
