
Microsoft Visual Studio Solution File, Format Version 12.00
# Visual Studio 15
VisualStudioVersion = 15.0.27703.2026
MinimumVisualStudioVersion = 10.0.40219.1
Project("{FAE04EC0-301F-11D3-BF4B-00C04F79EFBC}") = "WebApplication1", "WebApplication1\WebApplication1.csproj", "{0B873BEA-2912-47C3-8639-15F5BC471DF0}"
EndProject
Global
	GlobalSection(SolutionConfigurationPlatforms) = preSolution
		Debug|Any CPU = Debug|Any CPU
		Release|Any CPU = Release|Any CPU
	EndGlobalSection
	GlobalSection(ProjectConfigurationPlatforms) = postSolution
		{0B873BEA-2912-47C3-8639-15F5BC471DF0}.Debug|Any CPU.ActiveCfg = Debug|Any CPU
		{0B873BEA-2912-47C3-8639-15F5BC471DF0}.Debug|Any CPU.Build.0 = Debug|Any CPU
		{0B873BEA-2912-47C3-8639-15F5BC471DF0}.Release|Any CPU.ActiveCfg = Release|Any CPU
		{0B873BEA-2912-47C3-8639-15F5BC471DF0}.Release|Any CPU.Build.0 = Release|Any CPU
	EndGlobalSection
	GlobalSection(SolutionProperties) = preSolution
		HideSolutionNode = FALSE
	EndGlobalSection
	GlobalSection(ExtensibilityGlobals) = postSolution
		SolutionGuid = {52A98326-56A0-47E7-9A88-958088783D77}
	EndGlobalSection
EndGlobal
