
Microsoft Visual Studio Solution File, Format Version 12.00
# Visual Studio 15
VisualStudioVersion = 15.0.28307.329
MinimumVisualStudioVersion = 10.0.40219.1
Project("{FAE04EC0-301F-11D3-BF4B-00C04F79EFBC}") = "TiposControles.Android", "TiposControles\TiposControles.Android\TiposControles.Android.csproj", "{E69DC22C-416D-40E2-AA59-9F144E01E018}"
EndProject
Project("{FAE04EC0-301F-11D3-BF4B-00C04F79EFBC}") = "TiposControles.iOS", "TiposControles\TiposControles.iOS\TiposControles.iOS.csproj", "{E6BD5425-2E33-425D-A471-FFCA47058874}"
EndProject
Project("{FAE04EC0-301F-11D3-BF4B-00C04F79EFBC}") = "TiposControles.UWP", "TiposControles\TiposControles.UWP\TiposControles.UWP.csproj", "{AE755B93-E23B-4A1C-99AD-DFBC7D3DB551}"
EndProject
Project("{FAE04EC0-301F-11D3-BF4B-00C04F79EFBC}") = "TiposControles", "TiposControles\TiposControles\TiposControles.csproj", "{CCF1BBB9-9AA4-4EF2-96AF-107988BC08F0}"
EndProject
Global
	GlobalSection(SolutionConfigurationPlatforms) = preSolution
		Ad-Hoc|Any CPU = Ad-Hoc|Any CPU
		Ad-Hoc|ARM = Ad-Hoc|ARM
		Ad-Hoc|iPhone = Ad-Hoc|iPhone
		Ad-Hoc|iPhoneSimulator = Ad-Hoc|iPhoneSimulator
		Ad-Hoc|x64 = Ad-Hoc|x64
		Ad-Hoc|x86 = Ad-Hoc|x86
		AppStore|Any CPU = AppStore|Any CPU
		AppStore|ARM = AppStore|ARM
		AppStore|iPhone = AppStore|iPhone
		AppStore|iPhoneSimulator = AppStore|iPhoneSimulator
		AppStore|x64 = AppStore|x64
		AppStore|x86 = AppStore|x86
		Debug|Any CPU = Debug|Any CPU
		Debug|ARM = Debug|ARM
		Debug|iPhone = Debug|iPhone
		Debug|iPhoneSimulator = Debug|iPhoneSimulator
		Debug|x64 = Debug|x64
		Debug|x86 = Debug|x86
		Release|Any CPU = Release|Any CPU
		Release|ARM = Release|ARM
		Release|iPhone = Release|iPhone
		Release|iPhoneSimulator = Release|iPhoneSimulator
		Release|x64 = Release|x64
		Release|x86 = Release|x86
	EndGlobalSection
	GlobalSection(ProjectConfigurationPlatforms) = postSolution
		{E69DC22C-416D-40E2-AA59-9F144E01E018}.Ad-Hoc|Any CPU.ActiveCfg = Release|Any CPU
		{E69DC22C-416D-40E2-AA59-9F144E01E018}.Ad-Hoc|Any CPU.Build.0 = Release|Any CPU
		{E69DC22C-416D-40E2-AA59-9F144E01E018}.Ad-Hoc|Any CPU.Deploy.0 = Release|Any CPU
		{E69DC22C-416D-40E2-AA59-9F144E01E018}.Ad-Hoc|ARM.ActiveCfg = Release|Any CPU
		{E69DC22C-416D-40E2-AA59-9F144E01E018}.Ad-Hoc|ARM.Build.0 = Release|Any CPU
		{E69DC22C-416D-40E2-AA59-9F144E01E018}.Ad-Hoc|ARM.Deploy.0 = Release|Any CPU
		{E69DC22C-416D-40E2-AA59-9F144E01E018}.Ad-Hoc|iPhone.ActiveCfg = Release|Any CPU
		{E69DC22C-416D-40E2-AA59-9F144E01E018}.Ad-Hoc|iPhone.Build.0 = Release|Any CPU
		{E69DC22C-416D-40E2-AA59-9F144E01E018}.Ad-Hoc|iPhone.Deploy.0 = Release|Any CPU
		{E69DC22C-416D-40E2-AA59-9F144E01E018}.Ad-Hoc|iPhoneSimulator.ActiveCfg = Release|Any CPU
		{E69DC22C-416D-40E2-AA59-9F144E01E018}.Ad-Hoc|iPhoneSimulator.Build.0 = Release|Any CPU
		{E69DC22C-416D-40E2-AA59-9F144E01E018}.Ad-Hoc|iPhoneSimulator.Deploy.0 = Release|Any CPU
		{E69DC22C-416D-40E2-AA59-9F144E01E018}.Ad-Hoc|x64.ActiveCfg = Release|Any CPU
		{E69DC22C-416D-40E2-AA59-9F144E01E018}.Ad-Hoc|x64.Build.0 = Release|Any CPU
		{E69DC22C-416D-40E2-AA59-9F144E01E018}.Ad-Hoc|x64.Deploy.0 = Release|Any CPU
		{E69DC22C-416D-40E2-AA59-9F144E01E018}.Ad-Hoc|x86.ActiveCfg = Release|Any CPU
		{E69DC22C-416D-40E2-AA59-9F144E01E018}.Ad-Hoc|x86.Build.0 = Release|Any CPU
		{E69DC22C-416D-40E2-AA59-9F144E01E018}.Ad-Hoc|x86.Deploy.0 = Release|Any CPU
		{E69DC22C-416D-40E2-AA59-9F144E01E018}.AppStore|Any CPU.ActiveCfg = Release|Any CPU
		{E69DC22C-416D-40E2-AA59-9F144E01E018}.AppStore|Any CPU.Build.0 = Release|Any CPU
		{E69DC22C-416D-40E2-AA59-9F144E01E018}.AppStore|Any CPU.Deploy.0 = Release|Any CPU
		{E69DC22C-416D-40E2-AA59-9F144E01E018}.AppStore|ARM.ActiveCfg = Release|Any CPU
		{E69DC22C-416D-40E2-AA59-9F144E01E018}.AppStore|ARM.Build.0 = Release|Any CPU
		{E69DC22C-416D-40E2-AA59-9F144E01E018}.AppStore|ARM.Deploy.0 = Release|Any CPU
		{E69DC22C-416D-40E2-AA59-9F144E01E018}.AppStore|iPhone.ActiveCfg = Release|Any CPU
		{E69DC22C-416D-40E2-AA59-9F144E01E018}.AppStore|iPhone.Build.0 = Release|Any CPU
		{E69DC22C-416D-40E2-AA59-9F144E01E018}.AppStore|iPhone.Deploy.0 = Release|Any CPU
		{E69DC22C-416D-40E2-AA59-9F144E01E018}.AppStore|iPhoneSimulator.ActiveCfg = Release|Any CPU
		{E69DC22C-416D-40E2-AA59-9F144E01E018}.AppStore|iPhoneSimulator.Build.0 = Release|Any CPU
		{E69DC22C-416D-40E2-AA59-9F144E01E018}.AppStore|iPhoneSimulator.Deploy.0 = Release|Any CPU
		{E69DC22C-416D-40E2-AA59-9F144E01E018}.AppStore|x64.ActiveCfg = Release|Any CPU
		{E69DC22C-416D-40E2-AA59-9F144E01E018}.AppStore|x64.Build.0 = Release|Any CPU
		{E69DC22C-416D-40E2-AA59-9F144E01E018}.AppStore|x64.Deploy.0 = Release|Any CPU
		{E69DC22C-416D-40E2-AA59-9F144E01E018}.AppStore|x86.ActiveCfg = Release|Any CPU
		{E69DC22C-416D-40E2-AA59-9F144E01E018}.AppStore|x86.Build.0 = Release|Any CPU
		{E69DC22C-416D-40E2-AA59-9F144E01E018}.AppStore|x86.Deploy.0 = Release|Any CPU
		{E69DC22C-416D-40E2-AA59-9F144E01E018}.Debug|Any CPU.ActiveCfg = Debug|Any CPU
		{E69DC22C-416D-40E2-AA59-9F144E01E018}.Debug|Any CPU.Build.0 = Debug|Any CPU
		{E69DC22C-416D-40E2-AA59-9F144E01E018}.Debug|Any CPU.Deploy.0 = Debug|Any CPU
		{E69DC22C-416D-40E2-AA59-9F144E01E018}.Debug|ARM.ActiveCfg = Debug|Any CPU
		{E69DC22C-416D-40E2-AA59-9F144E01E018}.Debug|ARM.Build.0 = Debug|Any CPU
		{E69DC22C-416D-40E2-AA59-9F144E01E018}.Debug|ARM.Deploy.0 = Debug|Any CPU
		{E69DC22C-416D-40E2-AA59-9F144E01E018}.Debug|iPhone.ActiveCfg = Debug|Any CPU
		{E69DC22C-416D-40E2-AA59-9F144E01E018}.Debug|iPhone.Build.0 = Debug|Any CPU
		{E69DC22C-416D-40E2-AA59-9F144E01E018}.Debug|iPhone.Deploy.0 = Debug|Any CPU
		{E69DC22C-416D-40E2-AA59-9F144E01E018}.Debug|iPhoneSimulator.ActiveCfg = Debug|Any CPU
		{E69DC22C-416D-40E2-AA59-9F144E01E018}.Debug|iPhoneSimulator.Build.0 = Debug|Any CPU
		{E69DC22C-416D-40E2-AA59-9F144E01E018}.Debug|iPhoneSimulator.Deploy.0 = Debug|Any CPU
		{E69DC22C-416D-40E2-AA59-9F144E01E018}.Debug|x64.ActiveCfg = Debug|Any CPU
		{E69DC22C-416D-40E2-AA59-9F144E01E018}.Debug|x64.Build.0 = Debug|Any CPU
		{E69DC22C-416D-40E2-AA59-9F144E01E018}.Debug|x64.Deploy.0 = Debug|Any CPU
		{E69DC22C-416D-40E2-AA59-9F144E01E018}.Debug|x86.ActiveCfg = Debug|Any CPU
		{E69DC22C-416D-40E2-AA59-9F144E01E018}.Debug|x86.Build.0 = Debug|Any CPU
		{E69DC22C-416D-40E2-AA59-9F144E01E018}.Debug|x86.Deploy.0 = Debug|Any CPU
		{E69DC22C-416D-40E2-AA59-9F144E01E018}.Release|Any CPU.ActiveCfg = Release|Any CPU
		{E69DC22C-416D-40E2-AA59-9F144E01E018}.Release|Any CPU.Build.0 = Release|Any CPU
		{E69DC22C-416D-40E2-AA59-9F144E01E018}.Release|Any CPU.Deploy.0 = Release|Any CPU
		{E69DC22C-416D-40E2-AA59-9F144E01E018}.Release|ARM.ActiveCfg = Release|Any CPU
		{E69DC22C-416D-40E2-AA59-9F144E01E018}.Release|ARM.Build.0 = Release|Any CPU
		{E69DC22C-416D-40E2-AA59-9F144E01E018}.Release|ARM.Deploy.0 = Release|Any CPU
		{E69DC22C-416D-40E2-AA59-9F144E01E018}.Release|iPhone.ActiveCfg = Release|Any CPU
		{E69DC22C-416D-40E2-AA59-9F144E01E018}.Release|iPhone.Build.0 = Release|Any CPU
		{E69DC22C-416D-40E2-AA59-9F144E01E018}.Release|iPhone.Deploy.0 = Release|Any CPU
		{E69DC22C-416D-40E2-AA59-9F144E01E018}.Release|iPhoneSimulator.ActiveCfg = Release|Any CPU
		{E69DC22C-416D-40E2-AA59-9F144E01E018}.Release|iPhoneSimulator.Build.0 = Release|Any CPU
		{E69DC22C-416D-40E2-AA59-9F144E01E018}.Release|iPhoneSimulator.Deploy.0 = Release|Any CPU
		{E69DC22C-416D-40E2-AA59-9F144E01E018}.Release|x64.ActiveCfg = Release|Any CPU
		{E69DC22C-416D-40E2-AA59-9F144E01E018}.Release|x64.Build.0 = Release|Any CPU
		{E69DC22C-416D-40E2-AA59-9F144E01E018}.Release|x64.Deploy.0 = Release|Any CPU
		{E69DC22C-416D-40E2-AA59-9F144E01E018}.Release|x86.ActiveCfg = Release|Any CPU
		{E69DC22C-416D-40E2-AA59-9F144E01E018}.Release|x86.Build.0 = Release|Any CPU
		{E69DC22C-416D-40E2-AA59-9F144E01E018}.Release|x86.Deploy.0 = Release|Any CPU
		{E6BD5425-2E33-425D-A471-FFCA47058874}.Ad-Hoc|Any CPU.ActiveCfg = Ad-Hoc|iPhone
		{E6BD5425-2E33-425D-A471-FFCA47058874}.Ad-Hoc|Any CPU.Build.0 = Ad-Hoc|iPhone
		{E6BD5425-2E33-425D-A471-FFCA47058874}.Ad-Hoc|Any CPU.Deploy.0 = Ad-Hoc|iPhone
		{E6BD5425-2E33-425D-A471-FFCA47058874}.Ad-Hoc|ARM.ActiveCfg = Ad-Hoc|iPhone
		{E6BD5425-2E33-425D-A471-FFCA47058874}.Ad-Hoc|ARM.Build.0 = Ad-Hoc|iPhone
		{E6BD5425-2E33-425D-A471-FFCA47058874}.Ad-Hoc|ARM.Deploy.0 = Ad-Hoc|iPhone
		{E6BD5425-2E33-425D-A471-FFCA47058874}.Ad-Hoc|iPhone.ActiveCfg = Ad-Hoc|iPhone
		{E6BD5425-2E33-425D-A471-FFCA47058874}.Ad-Hoc|iPhone.Build.0 = Ad-Hoc|iPhone
		{E6BD5425-2E33-425D-A471-FFCA47058874}.Ad-Hoc|iPhone.Deploy.0 = Ad-Hoc|iPhone
		{E6BD5425-2E33-425D-A471-FFCA47058874}.Ad-Hoc|iPhoneSimulator.ActiveCfg = Ad-Hoc|iPhoneSimulator
		{E6BD5425-2E33-425D-A471-FFCA47058874}.Ad-Hoc|iPhoneSimulator.Build.0 = Ad-Hoc|iPhoneSimulator
		{E6BD5425-2E33-425D-A471-FFCA47058874}.Ad-Hoc|iPhoneSimulator.Deploy.0 = Ad-Hoc|iPhoneSimulator
		{E6BD5425-2E33-425D-A471-FFCA47058874}.Ad-Hoc|x64.ActiveCfg = Ad-Hoc|iPhone
		{E6BD5425-2E33-425D-A471-FFCA47058874}.Ad-Hoc|x64.Build.0 = Ad-Hoc|iPhone
		{E6BD5425-2E33-425D-A471-FFCA47058874}.Ad-Hoc|x64.Deploy.0 = Ad-Hoc|iPhone
		{E6BD5425-2E33-425D-A471-FFCA47058874}.Ad-Hoc|x86.ActiveCfg = Ad-Hoc|iPhone
		{E6BD5425-2E33-425D-A471-FFCA47058874}.Ad-Hoc|x86.Build.0 = Ad-Hoc|iPhone
		{E6BD5425-2E33-425D-A471-FFCA47058874}.Ad-Hoc|x86.Deploy.0 = Ad-Hoc|iPhone
		{E6BD5425-2E33-425D-A471-FFCA47058874}.AppStore|Any CPU.ActiveCfg = AppStore|iPhone
		{E6BD5425-2E33-425D-A471-FFCA47058874}.AppStore|Any CPU.Build.0 = AppStore|iPhone
		{E6BD5425-2E33-425D-A471-FFCA47058874}.AppStore|Any CPU.Deploy.0 = AppStore|iPhone
		{E6BD5425-2E33-425D-A471-FFCA47058874}.AppStore|ARM.ActiveCfg = AppStore|iPhone
		{E6BD5425-2E33-425D-A471-FFCA47058874}.AppStore|ARM.Build.0 = AppStore|iPhone
		{E6BD5425-2E33-425D-A471-FFCA47058874}.AppStore|ARM.Deploy.0 = AppStore|iPhone
		{E6BD5425-2E33-425D-A471-FFCA47058874}.AppStore|iPhone.ActiveCfg = AppStore|iPhone
		{E6BD5425-2E33-425D-A471-FFCA47058874}.AppStore|iPhone.Build.0 = AppStore|iPhone
		{E6BD5425-2E33-425D-A471-FFCA47058874}.AppStore|iPhone.Deploy.0 = AppStore|iPhone
		{E6BD5425-2E33-425D-A471-FFCA47058874}.AppStore|iPhoneSimulator.ActiveCfg = AppStore|iPhoneSimulator
		{E6BD5425-2E33-425D-A471-FFCA47058874}.AppStore|iPhoneSimulator.Build.0 = AppStore|iPhoneSimulator
		{E6BD5425-2E33-425D-A471-FFCA47058874}.AppStore|iPhoneSimulator.Deploy.0 = AppStore|iPhoneSimulator
		{E6BD5425-2E33-425D-A471-FFCA47058874}.AppStore|x64.ActiveCfg = AppStore|iPhone
		{E6BD5425-2E33-425D-A471-FFCA47058874}.AppStore|x64.Build.0 = AppStore|iPhone
		{E6BD5425-2E33-425D-A471-FFCA47058874}.AppStore|x64.Deploy.0 = AppStore|iPhone
		{E6BD5425-2E33-425D-A471-FFCA47058874}.AppStore|x86.ActiveCfg = AppStore|iPhone
		{E6BD5425-2E33-425D-A471-FFCA47058874}.AppStore|x86.Build.0 = AppStore|iPhone
		{E6BD5425-2E33-425D-A471-FFCA47058874}.AppStore|x86.Deploy.0 = AppStore|iPhone
		{E6BD5425-2E33-425D-A471-FFCA47058874}.Debug|Any CPU.ActiveCfg = Debug|iPhoneSimulator
		{E6BD5425-2E33-425D-A471-FFCA47058874}.Debug|Any CPU.Build.0 = Debug|iPhoneSimulator
		{E6BD5425-2E33-425D-A471-FFCA47058874}.Debug|Any CPU.Deploy.0 = Debug|iPhoneSimulator
		{E6BD5425-2E33-425D-A471-FFCA47058874}.Debug|ARM.ActiveCfg = Debug|iPhone
		{E6BD5425-2E33-425D-A471-FFCA47058874}.Debug|ARM.Build.0 = Debug|iPhone
		{E6BD5425-2E33-425D-A471-FFCA47058874}.Debug|ARM.Deploy.0 = Debug|iPhone
		{E6BD5425-2E33-425D-A471-FFCA47058874}.Debug|iPhone.ActiveCfg = Debug|iPhone
		{E6BD5425-2E33-425D-A471-FFCA47058874}.Debug|iPhone.Build.0 = Debug|iPhone
		{E6BD5425-2E33-425D-A471-FFCA47058874}.Debug|iPhone.Deploy.0 = Debug|iPhone
		{E6BD5425-2E33-425D-A471-FFCA47058874}.Debug|iPhoneSimulator.ActiveCfg = Debug|iPhoneSimulator
		{E6BD5425-2E33-425D-A471-FFCA47058874}.Debug|iPhoneSimulator.Build.0 = Debug|iPhoneSimulator
		{E6BD5425-2E33-425D-A471-FFCA47058874}.Debug|iPhoneSimulator.Deploy.0 = Debug|iPhoneSimulator
		{E6BD5425-2E33-425D-A471-FFCA47058874}.Debug|x64.ActiveCfg = Debug|iPhone
		{E6BD5425-2E33-425D-A471-FFCA47058874}.Debug|x64.Build.0 = Debug|iPhone
		{E6BD5425-2E33-425D-A471-FFCA47058874}.Debug|x64.Deploy.0 = Debug|iPhone
		{E6BD5425-2E33-425D-A471-FFCA47058874}.Debug|x86.ActiveCfg = Debug|iPhone
		{E6BD5425-2E33-425D-A471-FFCA47058874}.Debug|x86.Build.0 = Debug|iPhone
		{E6BD5425-2E33-425D-A471-FFCA47058874}.Debug|x86.Deploy.0 = Debug|iPhone
		{E6BD5425-2E33-425D-A471-FFCA47058874}.Release|Any CPU.ActiveCfg = Release|iPhone
		{E6BD5425-2E33-425D-A471-FFCA47058874}.Release|Any CPU.Build.0 = Release|iPhone
		{E6BD5425-2E33-425D-A471-FFCA47058874}.Release|Any CPU.Deploy.0 = Release|iPhone
		{E6BD5425-2E33-425D-A471-FFCA47058874}.Release|ARM.ActiveCfg = Release|iPhone
		{E6BD5425-2E33-425D-A471-FFCA47058874}.Release|ARM.Build.0 = Release|iPhone
		{E6BD5425-2E33-425D-A471-FFCA47058874}.Release|ARM.Deploy.0 = Release|iPhone
		{E6BD5425-2E33-425D-A471-FFCA47058874}.Release|iPhone.ActiveCfg = Release|iPhone
		{E6BD5425-2E33-425D-A471-FFCA47058874}.Release|iPhone.Build.0 = Release|iPhone
		{E6BD5425-2E33-425D-A471-FFCA47058874}.Release|iPhone.Deploy.0 = Release|iPhone
		{E6BD5425-2E33-425D-A471-FFCA47058874}.Release|iPhoneSimulator.ActiveCfg = Release|iPhoneSimulator
		{E6BD5425-2E33-425D-A471-FFCA47058874}.Release|iPhoneSimulator.Build.0 = Release|iPhoneSimulator
		{E6BD5425-2E33-425D-A471-FFCA47058874}.Release|iPhoneSimulator.Deploy.0 = Release|iPhoneSimulator
		{E6BD5425-2E33-425D-A471-FFCA47058874}.Release|x64.ActiveCfg = Release|iPhone
		{E6BD5425-2E33-425D-A471-FFCA47058874}.Release|x64.Build.0 = Release|iPhone
		{E6BD5425-2E33-425D-A471-FFCA47058874}.Release|x64.Deploy.0 = Release|iPhone
		{E6BD5425-2E33-425D-A471-FFCA47058874}.Release|x86.ActiveCfg = Release|iPhone
		{E6BD5425-2E33-425D-A471-FFCA47058874}.Release|x86.Build.0 = Release|iPhone
		{E6BD5425-2E33-425D-A471-FFCA47058874}.Release|x86.Deploy.0 = Release|iPhone
		{AE755B93-E23B-4A1C-99AD-DFBC7D3DB551}.Ad-Hoc|Any CPU.ActiveCfg = Release|x86
		{AE755B93-E23B-4A1C-99AD-DFBC7D3DB551}.Ad-Hoc|Any CPU.Build.0 = Release|x86
		{AE755B93-E23B-4A1C-99AD-DFBC7D3DB551}.Ad-Hoc|Any CPU.Deploy.0 = Release|x86
		{AE755B93-E23B-4A1C-99AD-DFBC7D3DB551}.Ad-Hoc|ARM.ActiveCfg = Release|ARM
		{AE755B93-E23B-4A1C-99AD-DFBC7D3DB551}.Ad-Hoc|ARM.Build.0 = Release|ARM
		{AE755B93-E23B-4A1C-99AD-DFBC7D3DB551}.Ad-Hoc|ARM.Deploy.0 = Release|ARM
		{AE755B93-E23B-4A1C-99AD-DFBC7D3DB551}.Ad-Hoc|iPhone.ActiveCfg = Release|x86
		{AE755B93-E23B-4A1C-99AD-DFBC7D3DB551}.Ad-Hoc|iPhone.Build.0 = Release|x86
		{AE755B93-E23B-4A1C-99AD-DFBC7D3DB551}.Ad-Hoc|iPhone.Deploy.0 = Release|x86
		{AE755B93-E23B-4A1C-99AD-DFBC7D3DB551}.Ad-Hoc|iPhoneSimulator.ActiveCfg = Release|x86
		{AE755B93-E23B-4A1C-99AD-DFBC7D3DB551}.Ad-Hoc|iPhoneSimulator.Build.0 = Release|x86
		{AE755B93-E23B-4A1C-99AD-DFBC7D3DB551}.Ad-Hoc|iPhoneSimulator.Deploy.0 = Release|x86
		{AE755B93-E23B-4A1C-99AD-DFBC7D3DB551}.Ad-Hoc|x64.ActiveCfg = Release|x64
		{AE755B93-E23B-4A1C-99AD-DFBC7D3DB551}.Ad-Hoc|x64.Build.0 = Release|x64
		{AE755B93-E23B-4A1C-99AD-DFBC7D3DB551}.Ad-Hoc|x64.Deploy.0 = Release|x64
		{AE755B93-E23B-4A1C-99AD-DFBC7D3DB551}.Ad-Hoc|x86.ActiveCfg = Release|x86
		{AE755B93-E23B-4A1C-99AD-DFBC7D3DB551}.Ad-Hoc|x86.Build.0 = Release|x86
		{AE755B93-E23B-4A1C-99AD-DFBC7D3DB551}.Ad-Hoc|x86.Deploy.0 = Release|x86
		{AE755B93-E23B-4A1C-99AD-DFBC7D3DB551}.AppStore|Any CPU.ActiveCfg = Release|x86
		{AE755B93-E23B-4A1C-99AD-DFBC7D3DB551}.AppStore|Any CPU.Build.0 = Release|x86
		{AE755B93-E23B-4A1C-99AD-DFBC7D3DB551}.AppStore|Any CPU.Deploy.0 = Release|x86
		{AE755B93-E23B-4A1C-99AD-DFBC7D3DB551}.AppStore|ARM.ActiveCfg = Release|ARM
		{AE755B93-E23B-4A1C-99AD-DFBC7D3DB551}.AppStore|ARM.Build.0 = Release|ARM
		{AE755B93-E23B-4A1C-99AD-DFBC7D3DB551}.AppStore|ARM.Deploy.0 = Release|ARM
		{AE755B93-E23B-4A1C-99AD-DFBC7D3DB551}.AppStore|iPhone.ActiveCfg = Release|x86
		{AE755B93-E23B-4A1C-99AD-DFBC7D3DB551}.AppStore|iPhone.Build.0 = Release|x86
		{AE755B93-E23B-4A1C-99AD-DFBC7D3DB551}.AppStore|iPhone.Deploy.0 = Release|x86
		{AE755B93-E23B-4A1C-99AD-DFBC7D3DB551}.AppStore|iPhoneSimulator.ActiveCfg = Release|x86
		{AE755B93-E23B-4A1C-99AD-DFBC7D3DB551}.AppStore|iPhoneSimulator.Build.0 = Release|x86
		{AE755B93-E23B-4A1C-99AD-DFBC7D3DB551}.AppStore|iPhoneSimulator.Deploy.0 = Release|x86
		{AE755B93-E23B-4A1C-99AD-DFBC7D3DB551}.AppStore|x64.ActiveCfg = Release|x64
		{AE755B93-E23B-4A1C-99AD-DFBC7D3DB551}.AppStore|x64.Build.0 = Release|x64
		{AE755B93-E23B-4A1C-99AD-DFBC7D3DB551}.AppStore|x64.Deploy.0 = Release|x64
		{AE755B93-E23B-4A1C-99AD-DFBC7D3DB551}.AppStore|x86.ActiveCfg = Release|x86
		{AE755B93-E23B-4A1C-99AD-DFBC7D3DB551}.AppStore|x86.Build.0 = Release|x86
		{AE755B93-E23B-4A1C-99AD-DFBC7D3DB551}.AppStore|x86.Deploy.0 = Release|x86
		{AE755B93-E23B-4A1C-99AD-DFBC7D3DB551}.Debug|Any CPU.ActiveCfg = Debug|x86
		{AE755B93-E23B-4A1C-99AD-DFBC7D3DB551}.Debug|Any CPU.Build.0 = Debug|x86
		{AE755B93-E23B-4A1C-99AD-DFBC7D3DB551}.Debug|Any CPU.Deploy.0 = Debug|x86
		{AE755B93-E23B-4A1C-99AD-DFBC7D3DB551}.Debug|ARM.ActiveCfg = Debug|ARM
		{AE755B93-E23B-4A1C-99AD-DFBC7D3DB551}.Debug|ARM.Build.0 = Debug|ARM
		{AE755B93-E23B-4A1C-99AD-DFBC7D3DB551}.Debug|ARM.Deploy.0 = Debug|ARM
		{AE755B93-E23B-4A1C-99AD-DFBC7D3DB551}.Debug|iPhone.ActiveCfg = Debug|x86
		{AE755B93-E23B-4A1C-99AD-DFBC7D3DB551}.Debug|iPhone.Build.0 = Debug|x86
		{AE755B93-E23B-4A1C-99AD-DFBC7D3DB551}.Debug|iPhone.Deploy.0 = Debug|x86
		{AE755B93-E23B-4A1C-99AD-DFBC7D3DB551}.Debug|iPhoneSimulator.ActiveCfg = Debug|x86
		{AE755B93-E23B-4A1C-99AD-DFBC7D3DB551}.Debug|iPhoneSimulator.Build.0 = Debug|x86
		{AE755B93-E23B-4A1C-99AD-DFBC7D3DB551}.Debug|iPhoneSimulator.Deploy.0 = Debug|x86
		{AE755B93-E23B-4A1C-99AD-DFBC7D3DB551}.Debug|x64.ActiveCfg = Debug|x64
		{AE755B93-E23B-4A1C-99AD-DFBC7D3DB551}.Debug|x64.Build.0 = Debug|x64
		{AE755B93-E23B-4A1C-99AD-DFBC7D3DB551}.Debug|x64.Deploy.0 = Debug|x64
		{AE755B93-E23B-4A1C-99AD-DFBC7D3DB551}.Debug|x86.ActiveCfg = Debug|x86
		{AE755B93-E23B-4A1C-99AD-DFBC7D3DB551}.Debug|x86.Build.0 = Debug|x86
		{AE755B93-E23B-4A1C-99AD-DFBC7D3DB551}.Debug|x86.Deploy.0 = Debug|x86
		{AE755B93-E23B-4A1C-99AD-DFBC7D3DB551}.Release|Any CPU.ActiveCfg = Release|x86
		{AE755B93-E23B-4A1C-99AD-DFBC7D3DB551}.Release|Any CPU.Build.0 = Release|x86
		{AE755B93-E23B-4A1C-99AD-DFBC7D3DB551}.Release|Any CPU.Deploy.0 = Release|x86
		{AE755B93-E23B-4A1C-99AD-DFBC7D3DB551}.Release|ARM.ActiveCfg = Release|ARM
		{AE755B93-E23B-4A1C-99AD-DFBC7D3DB551}.Release|ARM.Build.0 = Release|ARM
		{AE755B93-E23B-4A1C-99AD-DFBC7D3DB551}.Release|ARM.Deploy.0 = Release|ARM
		{AE755B93-E23B-4A1C-99AD-DFBC7D3DB551}.Release|iPhone.ActiveCfg = Release|x86
		{AE755B93-E23B-4A1C-99AD-DFBC7D3DB551}.Release|iPhone.Build.0 = Release|x86
		{AE755B93-E23B-4A1C-99AD-DFBC7D3DB551}.Release|iPhone.Deploy.0 = Release|x86
		{AE755B93-E23B-4A1C-99AD-DFBC7D3DB551}.Release|iPhoneSimulator.ActiveCfg = Release|x86
		{AE755B93-E23B-4A1C-99AD-DFBC7D3DB551}.Release|iPhoneSimulator.Build.0 = Release|x86
		{AE755B93-E23B-4A1C-99AD-DFBC7D3DB551}.Release|iPhoneSimulator.Deploy.0 = Release|x86
		{AE755B93-E23B-4A1C-99AD-DFBC7D3DB551}.Release|x64.ActiveCfg = Release|x64
		{AE755B93-E23B-4A1C-99AD-DFBC7D3DB551}.Release|x64.Build.0 = Release|x64
		{AE755B93-E23B-4A1C-99AD-DFBC7D3DB551}.Release|x64.Deploy.0 = Release|x64
		{AE755B93-E23B-4A1C-99AD-DFBC7D3DB551}.Release|x86.ActiveCfg = Release|x86
		{AE755B93-E23B-4A1C-99AD-DFBC7D3DB551}.Release|x86.Build.0 = Release|x86
		{AE755B93-E23B-4A1C-99AD-DFBC7D3DB551}.Release|x86.Deploy.0 = Release|x86
		{CCF1BBB9-9AA4-4EF2-96AF-107988BC08F0}.Ad-Hoc|Any CPU.ActiveCfg = Debug|Any CPU
		{CCF1BBB9-9AA4-4EF2-96AF-107988BC08F0}.Ad-Hoc|Any CPU.Build.0 = Debug|Any CPU
		{CCF1BBB9-9AA4-4EF2-96AF-107988BC08F0}.Ad-Hoc|Any CPU.Deploy.0 = Debug|Any CPU
		{CCF1BBB9-9AA4-4EF2-96AF-107988BC08F0}.Ad-Hoc|ARM.ActiveCfg = Debug|Any CPU
		{CCF1BBB9-9AA4-4EF2-96AF-107988BC08F0}.Ad-Hoc|ARM.Build.0 = Debug|Any CPU
		{CCF1BBB9-9AA4-4EF2-96AF-107988BC08F0}.Ad-Hoc|ARM.Deploy.0 = Debug|Any CPU
		{CCF1BBB9-9AA4-4EF2-96AF-107988BC08F0}.Ad-Hoc|iPhone.ActiveCfg = Debug|Any CPU
		{CCF1BBB9-9AA4-4EF2-96AF-107988BC08F0}.Ad-Hoc|iPhone.Build.0 = Debug|Any CPU
		{CCF1BBB9-9AA4-4EF2-96AF-107988BC08F0}.Ad-Hoc|iPhone.Deploy.0 = Debug|Any CPU
		{CCF1BBB9-9AA4-4EF2-96AF-107988BC08F0}.Ad-Hoc|iPhoneSimulator.ActiveCfg = Debug|Any CPU
		{CCF1BBB9-9AA4-4EF2-96AF-107988BC08F0}.Ad-Hoc|iPhoneSimulator.Build.0 = Debug|Any CPU
		{CCF1BBB9-9AA4-4EF2-96AF-107988BC08F0}.Ad-Hoc|iPhoneSimulator.Deploy.0 = Debug|Any CPU
		{CCF1BBB9-9AA4-4EF2-96AF-107988BC08F0}.Ad-Hoc|x64.ActiveCfg = Debug|Any CPU
		{CCF1BBB9-9AA4-4EF2-96AF-107988BC08F0}.Ad-Hoc|x64.Build.0 = Debug|Any CPU
		{CCF1BBB9-9AA4-4EF2-96AF-107988BC08F0}.Ad-Hoc|x64.Deploy.0 = Debug|Any CPU
		{CCF1BBB9-9AA4-4EF2-96AF-107988BC08F0}.Ad-Hoc|x86.ActiveCfg = Debug|Any CPU
		{CCF1BBB9-9AA4-4EF2-96AF-107988BC08F0}.Ad-Hoc|x86.Build.0 = Debug|Any CPU
		{CCF1BBB9-9AA4-4EF2-96AF-107988BC08F0}.Ad-Hoc|x86.Deploy.0 = Debug|Any CPU
		{CCF1BBB9-9AA4-4EF2-96AF-107988BC08F0}.AppStore|Any CPU.ActiveCfg = Debug|Any CPU
		{CCF1BBB9-9AA4-4EF2-96AF-107988BC08F0}.AppStore|Any CPU.Build.0 = Debug|Any CPU
		{CCF1BBB9-9AA4-4EF2-96AF-107988BC08F0}.AppStore|Any CPU.Deploy.0 = Debug|Any CPU
		{CCF1BBB9-9AA4-4EF2-96AF-107988BC08F0}.AppStore|ARM.ActiveCfg = Debug|Any CPU
		{CCF1BBB9-9AA4-4EF2-96AF-107988BC08F0}.AppStore|ARM.Build.0 = Debug|Any CPU
		{CCF1BBB9-9AA4-4EF2-96AF-107988BC08F0}.AppStore|ARM.Deploy.0 = Debug|Any CPU
		{CCF1BBB9-9AA4-4EF2-96AF-107988BC08F0}.AppStore|iPhone.ActiveCfg = Debug|Any CPU
		{CCF1BBB9-9AA4-4EF2-96AF-107988BC08F0}.AppStore|iPhone.Build.0 = Debug|Any CPU
		{CCF1BBB9-9AA4-4EF2-96AF-107988BC08F0}.AppStore|iPhone.Deploy.0 = Debug|Any CPU
		{CCF1BBB9-9AA4-4EF2-96AF-107988BC08F0}.AppStore|iPhoneSimulator.ActiveCfg = Debug|Any CPU
		{CCF1BBB9-9AA4-4EF2-96AF-107988BC08F0}.AppStore|iPhoneSimulator.Build.0 = Debug|Any CPU
		{CCF1BBB9-9AA4-4EF2-96AF-107988BC08F0}.AppStore|iPhoneSimulator.Deploy.0 = Debug|Any CPU
		{CCF1BBB9-9AA4-4EF2-96AF-107988BC08F0}.AppStore|x64.ActiveCfg = Debug|Any CPU
		{CCF1BBB9-9AA4-4EF2-96AF-107988BC08F0}.AppStore|x64.Build.0 = Debug|Any CPU
		{CCF1BBB9-9AA4-4EF2-96AF-107988BC08F0}.AppStore|x64.Deploy.0 = Debug|Any CPU
		{CCF1BBB9-9AA4-4EF2-96AF-107988BC08F0}.AppStore|x86.ActiveCfg = Debug|Any CPU
		{CCF1BBB9-9AA4-4EF2-96AF-107988BC08F0}.AppStore|x86.Build.0 = Debug|Any CPU
		{CCF1BBB9-9AA4-4EF2-96AF-107988BC08F0}.AppStore|x86.Deploy.0 = Debug|Any CPU
		{CCF1BBB9-9AA4-4EF2-96AF-107988BC08F0}.Debug|Any CPU.ActiveCfg = Debug|Any CPU
		{CCF1BBB9-9AA4-4EF2-96AF-107988BC08F0}.Debug|Any CPU.Build.0 = Debug|Any CPU
		{CCF1BBB9-9AA4-4EF2-96AF-107988BC08F0}.Debug|Any CPU.Deploy.0 = Debug|Any CPU
		{CCF1BBB9-9AA4-4EF2-96AF-107988BC08F0}.Debug|ARM.ActiveCfg = Debug|Any CPU
		{CCF1BBB9-9AA4-4EF2-96AF-107988BC08F0}.Debug|ARM.Build.0 = Debug|Any CPU
		{CCF1BBB9-9AA4-4EF2-96AF-107988BC08F0}.Debug|ARM.Deploy.0 = Debug|Any CPU
		{CCF1BBB9-9AA4-4EF2-96AF-107988BC08F0}.Debug|iPhone.ActiveCfg = Debug|Any CPU
		{CCF1BBB9-9AA4-4EF2-96AF-107988BC08F0}.Debug|iPhone.Build.0 = Debug|Any CPU
		{CCF1BBB9-9AA4-4EF2-96AF-107988BC08F0}.Debug|iPhone.Deploy.0 = Debug|Any CPU
		{CCF1BBB9-9AA4-4EF2-96AF-107988BC08F0}.Debug|iPhoneSimulator.ActiveCfg = Debug|Any CPU
		{CCF1BBB9-9AA4-4EF2-96AF-107988BC08F0}.Debug|iPhoneSimulator.Build.0 = Debug|Any CPU
		{CCF1BBB9-9AA4-4EF2-96AF-107988BC08F0}.Debug|iPhoneSimulator.Deploy.0 = Debug|Any CPU
		{CCF1BBB9-9AA4-4EF2-96AF-107988BC08F0}.Debug|x64.ActiveCfg = Debug|Any CPU
		{CCF1BBB9-9AA4-4EF2-96AF-107988BC08F0}.Debug|x64.Build.0 = Debug|Any CPU
		{CCF1BBB9-9AA4-4EF2-96AF-107988BC08F0}.Debug|x64.Deploy.0 = Debug|Any CPU
		{CCF1BBB9-9AA4-4EF2-96AF-107988BC08F0}.Debug|x86.ActiveCfg = Debug|Any CPU
		{CCF1BBB9-9AA4-4EF2-96AF-107988BC08F0}.Debug|x86.Build.0 = Debug|Any CPU
		{CCF1BBB9-9AA4-4EF2-96AF-107988BC08F0}.Debug|x86.Deploy.0 = Debug|Any CPU
		{CCF1BBB9-9AA4-4EF2-96AF-107988BC08F0}.Release|Any CPU.ActiveCfg = Release|Any CPU
		{CCF1BBB9-9AA4-4EF2-96AF-107988BC08F0}.Release|Any CPU.Build.0 = Release|Any CPU
		{CCF1BBB9-9AA4-4EF2-96AF-107988BC08F0}.Release|Any CPU.Deploy.0 = Release|Any CPU
		{CCF1BBB9-9AA4-4EF2-96AF-107988BC08F0}.Release|ARM.ActiveCfg = Release|Any CPU
		{CCF1BBB9-9AA4-4EF2-96AF-107988BC08F0}.Release|ARM.Build.0 = Release|Any CPU
		{CCF1BBB9-9AA4-4EF2-96AF-107988BC08F0}.Release|ARM.Deploy.0 = Release|Any CPU
		{CCF1BBB9-9AA4-4EF2-96AF-107988BC08F0}.Release|iPhone.ActiveCfg = Release|Any CPU
		{CCF1BBB9-9AA4-4EF2-96AF-107988BC08F0}.Release|iPhone.Build.0 = Release|Any CPU
		{CCF1BBB9-9AA4-4EF2-96AF-107988BC08F0}.Release|iPhone.Deploy.0 = Release|Any CPU
		{CCF1BBB9-9AA4-4EF2-96AF-107988BC08F0}.Release|iPhoneSimulator.ActiveCfg = Release|Any CPU
		{CCF1BBB9-9AA4-4EF2-96AF-107988BC08F0}.Release|iPhoneSimulator.Build.0 = Release|Any CPU
		{CCF1BBB9-9AA4-4EF2-96AF-107988BC08F0}.Release|iPhoneSimulator.Deploy.0 = Release|Any CPU
		{CCF1BBB9-9AA4-4EF2-96AF-107988BC08F0}.Release|x64.ActiveCfg = Release|Any CPU
		{CCF1BBB9-9AA4-4EF2-96AF-107988BC08F0}.Release|x64.Build.0 = Release|Any CPU
		{CCF1BBB9-9AA4-4EF2-96AF-107988BC08F0}.Release|x64.Deploy.0 = Release|Any CPU
		{CCF1BBB9-9AA4-4EF2-96AF-107988BC08F0}.Release|x86.ActiveCfg = Release|Any CPU
		{CCF1BBB9-9AA4-4EF2-96AF-107988BC08F0}.Release|x86.Build.0 = Release|Any CPU
		{CCF1BBB9-9AA4-4EF2-96AF-107988BC08F0}.Release|x86.Deploy.0 = Release|Any CPU
	EndGlobalSection
	GlobalSection(SolutionProperties) = preSolution
		HideSolutionNode = FALSE
	EndGlobalSection
	GlobalSection(ExtensibilityGlobals) = postSolution
		SolutionGuid = {7AAB2970-DC80-4A62-BFBC-09B2A45371EB}
	EndGlobalSection
EndGlobal
